// !$*UTF8*$!
{
	archiveVersion = 1;
	classes = {
	};
	objectVersion = 51;
	objects = {

/* Begin PBXBuildFile section */
		9708815816D3909AA221B5F6 /* Pods_ShinShinUITests.framework in Frameworks */ = {isa = PBXBuildFile; fileRef = 02C99941306ABD9123AD2346 /* Pods_ShinShinUITests.framework */; };
		A2096DFE230F43AD004DCE65 /* SolicitarBonificacionTableViewController.swift in Sources */ = {isa = PBXBuildFile; fileRef = A2096DFD230F43AD004DCE65 /* SolicitarBonificacionTableViewController.swift */; };
		A20A118F22FC7D8B00CDA2A2 /* TicketDuplicadoViewController.swift in Sources */ = {isa = PBXBuildFile; fileRef = A20A118E22FC7D8B00CDA2A2 /* TicketDuplicadoViewController.swift */; };
		A20B145E22A036B300667D39 /* Page1.xib in Resources */ = {isa = PBXBuildFile; fileRef = A20B145D22A036B300667D39 /* Page1.xib */; };
		A20B146022A0441600667D39 /* Page2.xib in Resources */ = {isa = PBXBuildFile; fileRef = A20B145F22A0441600667D39 /* Page2.xib */; };
		A20BA6832264E5960030572F /* RESTHandler.swift in Sources */ = {isa = PBXBuildFile; fileRef = A20BA6822264E5960030572F /* RESTHandler.swift */; };
		A214F7D522CC002000314D78 /* HistoricoBonificacionHeaderCell.xib in Resources */ = {isa = PBXBuildFile; fileRef = A214F7D422CC002000314D78 /* HistoricoBonificacionHeaderCell.xib */; };
		A223095722B9E6BC00DEA6EA /* MediosPagoView.xib in Resources */ = {isa = PBXBuildFile; fileRef = A223095622B9E6BC00DEA6EA /* MediosPagoView.xib */; };
		A223095922B9EBA200DEA6EA /* MediosPagoView.swift in Sources */ = {isa = PBXBuildFile; fileRef = A223095822B9EBA200DEA6EA /* MediosPagoView.swift */; };
		A225C57122DA859300529591 /* PreguntasHeader.xib in Resources */ = {isa = PBXBuildFile; fileRef = A225C57022DA859300529591 /* PreguntasHeader.xib */; };
		A226797822E3B05D00E1B726 /* TipoBancaria.swift in Sources */ = {isa = PBXBuildFile; fileRef = A226797722E3B05D00E1B726 /* TipoBancaria.swift */; };
		A234CC5922A6C7BC00BCBC7A /* ProductoTicketTableViewCell.swift in Sources */ = {isa = PBXBuildFile; fileRef = A234CC5822A6C7BC00BCBC7A /* ProductoTicketTableViewCell.swift */; };
		A234CC5B22A6D76F00BCBC7A /* MediosBonificacionTableViewController.swift in Sources */ = {isa = PBXBuildFile; fileRef = A234CC5A22A6D76F00BCBC7A /* MediosBonificacionTableViewController.swift */; };
		A234CC5D22A6DD8C00BCBC7A /* BancoTableViewCell.swift in Sources */ = {isa = PBXBuildFile; fileRef = A234CC5C22A6DD8C00BCBC7A /* BancoTableViewCell.swift */; };
		A234CC5F22A6DDB800BCBC7A /* PayPalTableViewCell.swift in Sources */ = {isa = PBXBuildFile; fileRef = A234CC5E22A6DDB800BCBC7A /* PayPalTableViewCell.swift */; };
		A234CC6122A6DDCA00BCBC7A /* RecargaTableViewCell.swift in Sources */ = {isa = PBXBuildFile; fileRef = A234CC6022A6DDCA00BCBC7A /* RecargaTableViewCell.swift */; };
		A23D5AE322A45529008B4433 /* PreguntaTableViewCell.swift in Sources */ = {isa = PBXBuildFile; fileRef = A23D5AE222A45529008B4433 /* PreguntaTableViewCell.swift */; };
		A23D5AE522A45C35008B4433 /* BonificacionViewController.swift in Sources */ = {isa = PBXBuildFile; fileRef = A23D5AE422A45C35008B4433 /* BonificacionViewController.swift */; };
		A23E72A7230DAB3000CB2635 /* VerificacionViewController.swift in Sources */ = {isa = PBXBuildFile; fileRef = A23E72A6230DAB3000CB2635 /* VerificacionViewController.swift */; };
		A23EBA1922C40E4F009BDDB9 /* HistoricoTicketTableViewCell.swift in Sources */ = {isa = PBXBuildFile; fileRef = A23EBA1822C40E4F009BDDB9 /* HistoricoTicketTableViewCell.swift */; };
		A241C8E922DD23B6008B342C /* CustomCameraViewController.swift in Sources */ = {isa = PBXBuildFile; fileRef = A241C8E822DD23B6008B342C /* CustomCameraViewController.swift */; };
		A24BF96A2259353F002DF555 /* UsuarioViewController.swift in Sources */ = {isa = PBXBuildFile; fileRef = A24BF9692259353F002DF555 /* UsuarioViewController.swift */; };
		A254723122D255710014AE64 /* UIUtilities.swift in Sources */ = {isa = PBXBuildFile; fileRef = A254723022D255710014AE64 /* UIUtilities.swift */; };
		A254723322D25A020014AE64 /* MLKitExtensions.swift in Sources */ = {isa = PBXBuildFile; fileRef = A254723222D25A020014AE64 /* MLKitExtensions.swift */; };
		A256FF7B22A9B30D00B977ED /* ProductoTableViewCell.swift in Sources */ = {isa = PBXBuildFile; fileRef = A256FF7A22A9B30C00B977ED /* ProductoTableViewCell.swift */; };
		A256FF7D22A9C43F00B977ED /* ContactoViewController.swift in Sources */ = {isa = PBXBuildFile; fileRef = A256FF7C22A9C43F00B977ED /* ContactoViewController.swift */; };
		A25B26AA22C282AD006AEB7B /* BancoBonificacionTableViewCell.swift in Sources */ = {isa = PBXBuildFile; fileRef = A25B26A922C282AD006AEB7B /* BancoBonificacionTableViewCell.swift */; };
		A25B26AC22C28871006AEB7B /* PayPalBonificacionTableViewCell.swift in Sources */ = {isa = PBXBuildFile; fileRef = A25B26AB22C28871006AEB7B /* PayPalBonificacionTableViewCell.swift */; };
		A25B26AE22C28893006AEB7B /* RecargaBonificacionTableViewCell.swift in Sources */ = {isa = PBXBuildFile; fileRef = A25B26AD22C28893006AEB7B /* RecargaBonificacionTableViewCell.swift */; };
		A25B26B022C290DA006AEB7B /* Bonificacion.swift in Sources */ = {isa = PBXBuildFile; fileRef = A25B26AF22C290DA006AEB7B /* Bonificacion.swift */; };
		A25C63DB22B7E88D0040DEA6 /* Marca.swift in Sources */ = {isa = PBXBuildFile; fileRef = A25C63DA22B7E88D0040DEA6 /* Marca.swift */; };
		A25C63DD22B7E8990040DEA6 /* TipoProducto.swift in Sources */ = {isa = PBXBuildFile; fileRef = A25C63DC22B7E8990040DEA6 /* TipoProducto.swift */; };
		A25C63DF22B7F71F0040DEA6 /* CatalogoMediosBonificacion.swift in Sources */ = {isa = PBXBuildFile; fileRef = A25C63DE22B7F71F0040DEA6 /* CatalogoMediosBonificacion.swift */; };
		A25C63E122B7F8090040DEA6 /* MediosBonificacion.swift in Sources */ = {isa = PBXBuildFile; fileRef = A25C63E022B7F8090040DEA6 /* MediosBonificacion.swift */; };
		A25C63E322B7FC730040DEA6 /* Ticket.swift in Sources */ = {isa = PBXBuildFile; fileRef = A25C63E222B7FC730040DEA6 /* Ticket.swift */; };
		A25C63E522B809890040DEA6 /* SimpleResponse.swift in Sources */ = {isa = PBXBuildFile; fileRef = A25C63E422B809890040DEA6 /* SimpleResponse.swift */; };
		A265418E22B92CAA0042C382 /* CatalogoTiendas.swift in Sources */ = {isa = PBXBuildFile; fileRef = A265418D22B92CAA0042C382 /* CatalogoTiendas.swift */; };
		A265419022B953290042C382 /* CatalogoDepartamentos.swift in Sources */ = {isa = PBXBuildFile; fileRef = A265418F22B953290042C382 /* CatalogoDepartamentos.swift */; };
		A267D78F222DD7AF00153CB8 /* AppDelegate.swift in Sources */ = {isa = PBXBuildFile; fileRef = A267D78E222DD7AF00153CB8 /* AppDelegate.swift */; };
		A267D794222DD7AF00153CB8 /* Main.storyboard in Resources */ = {isa = PBXBuildFile; fileRef = A267D792222DD7AF00153CB8 /* Main.storyboard */; };
		A267D797222DD7AF00153CB8 /* ShinShin.xcdatamodeld in Sources */ = {isa = PBXBuildFile; fileRef = A267D795222DD7AF00153CB8 /* ShinShin.xcdatamodeld */; };
		A267D799222DD7B800153CB8 /* Assets.xcassets in Resources */ = {isa = PBXBuildFile; fileRef = A267D798222DD7B800153CB8 /* Assets.xcassets */; };
		A267D79C222DD7B800153CB8 /* LaunchScreen.storyboard in Resources */ = {isa = PBXBuildFile; fileRef = A267D79A222DD7B800153CB8 /* LaunchScreen.storyboard */; };
		A267D7A7222DD7B800153CB8 /* ShinShinTests.swift in Sources */ = {isa = PBXBuildFile; fileRef = A267D7A6222DD7B800153CB8 /* ShinShinTests.swift */; };
		A267D7B2222DD7B800153CB8 /* ShinShinUITests.swift in Sources */ = {isa = PBXBuildFile; fileRef = A267D7B1222DD7B800153CB8 /* ShinShinUITests.swift */; };
		A267D7C1222DDC8C00153CB8 /* LogInViewController.swift in Sources */ = {isa = PBXBuildFile; fileRef = A267D7C0222DDC8C00153CB8 /* LogInViewController.swift */; };
		A267D7C3222DDCA800153CB8 /* ProductosTableViewController.swift in Sources */ = {isa = PBXBuildFile; fileRef = A267D7C2222DDCA800153CB8 /* ProductosTableViewController.swift */; };
		A267D7C5222DDCF200153CB8 /* ProductoDetalleViewController.swift in Sources */ = {isa = PBXBuildFile; fileRef = A267D7C4222DDCF200153CB8 /* ProductoDetalleViewController.swift */; };
		A267D7C9222DDD4C00153CB8 /* OCRViewController.swift in Sources */ = {isa = PBXBuildFile; fileRef = A267D7C8222DDD4C00153CB8 /* OCRViewController.swift */; };
		A26A0C7022BD58EF00AF5E2D /* UIImageView+DownloadImage.swift in Sources */ = {isa = PBXBuildFile; fileRef = A26A0C6F22BD58EF00AF5E2D /* UIImageView+DownloadImage.swift */; };
		A26C71F1226A448E00FD9794 /* Validations.swift in Sources */ = {isa = PBXBuildFile; fileRef = A26C71F0226A448E00FD9794 /* Validations.swift */; };
		A26CBD0522A857E8002A5CD5 /* PopularTableViewCell.swift in Sources */ = {isa = PBXBuildFile; fileRef = A26CBD0422A857E8002A5CD5 /* PopularTableViewCell.swift */; };
		A26CBD0722A870C7002A5CD5 /* DeptoTableViewCell.swift in Sources */ = {isa = PBXBuildFile; fileRef = A26CBD0622A870C7002A5CD5 /* DeptoTableViewCell.swift */; };
		A26CBD0922A8710E002A5CD5 /* DeptoItemCollectionViewCell.swift in Sources */ = {isa = PBXBuildFile; fileRef = A26CBD0822A8710E002A5CD5 /* DeptoItemCollectionViewCell.swift */; };
		A26D47D922B700D70040AC0D /* NotificacionesTableViewController.swift in Sources */ = {isa = PBXBuildFile; fileRef = A26D47D822B700D70040AC0D /* NotificacionesTableViewController.swift */; };
		A26D47DB22B701D90040AC0D /* NotificacionesTableViewCell.swift in Sources */ = {isa = PBXBuildFile; fileRef = A26D47DA22B701D90040AC0D /* NotificacionesTableViewCell.swift */; };
		A26E620F229F17C300F0CA76 /* TutorialPageViewController.swift in Sources */ = {isa = PBXBuildFile; fileRef = A26E620E229F17C300F0CA76 /* TutorialPageViewController.swift */; };
		A26E6211229F2C2A00F0CA76 /* TutorialViewController.swift in Sources */ = {isa = PBXBuildFile; fileRef = A26E6210229F2C2A00F0CA76 /* TutorialViewController.swift */; };
		A26FB1CA22CE7D3500003507 /* ConfirmacionBonificacionViewController.swift in Sources */ = {isa = PBXBuildFile; fileRef = A26FB1C922CE7D3500003507 /* ConfirmacionBonificacionViewController.swift */; };
		A271296622B2A65C0099CB0B /* MediosBonificacionDetailViewController.swift in Sources */ = {isa = PBXBuildFile; fileRef = A271296522B2A65C0099CB0B /* MediosBonificacionDetailViewController.swift */; };
		A271296822B2AE5B0099CB0B /* BancoDetailTableViewCell.swift in Sources */ = {isa = PBXBuildFile; fileRef = A271296722B2AE5B0099CB0B /* BancoDetailTableViewCell.swift */; };
		A271296A22B2AEB70099CB0B /* PayPalDetailTableViewCell.swift in Sources */ = {isa = PBXBuildFile; fileRef = A271296922B2AEB70099CB0B /* PayPalDetailTableViewCell.swift */; };
		A271296C22B2AEC40099CB0B /* RecargaDetailTableViewCell.swift in Sources */ = {isa = PBXBuildFile; fileRef = A271296B22B2AEC40099CB0B /* RecargaDetailTableViewCell.swift */; };
		A27824F722A71C9F00A2885E /* PrincipalViewController.swift in Sources */ = {isa = PBXBuildFile; fileRef = A27824F622A71C9F00A2885E /* PrincipalViewController.swift */; };
		A27824F922A7228900A2885E /* CategoriaTableViewCell.swift in Sources */ = {isa = PBXBuildFile; fileRef = A27824F822A7228900A2885E /* CategoriaTableViewCell.swift */; };
		A27F3FFF22A426DE0026A4F3 /* AyudaViewControlller.swift in Sources */ = {isa = PBXBuildFile; fileRef = A27F3FFE22A426DE0026A4F3 /* AyudaViewControlller.swift */; };
		A282596522C843B1009122DB /* FotoTableViewCell.swift in Sources */ = {isa = PBXBuildFile; fileRef = A282596422C843B1009122DB /* FotoTableViewCell.swift */; };
		A282596722C867C7009122DB /* Sexo.swift in Sources */ = {isa = PBXBuildFile; fileRef = A282596622C867C7009122DB /* Sexo.swift */; };
		A286B98022C6A018008F6B32 /* PrivacidadViewController.swift in Sources */ = {isa = PBXBuildFile; fileRef = A286B97F22C6A018008F6B32 /* PrivacidadViewController.swift */; };
		A286B98322C6A1DC008F6B32 /* TerminosViewController.swift in Sources */ = {isa = PBXBuildFile; fileRef = A286B98222C6A1DC008F6B32 /* TerminosViewController.swift */; };
		A286B98722C6B2FE008F6B32 /* ActivacionTableViewController.swift in Sources */ = {isa = PBXBuildFile; fileRef = A286B98622C6B2FE008F6B32 /* ActivacionTableViewController.swift */; };
		A2883FE822A81B0300E930DA /* BannerItemCollectionViewCell.swift in Sources */ = {isa = PBXBuildFile; fileRef = A2883FE722A81B0300E930DA /* BannerItemCollectionViewCell.swift */; };
		A2883FEA22A840A500E930DA /* PopularItemCollectionViewCell.swift in Sources */ = {isa = PBXBuildFile; fileRef = A2883FE922A840A500E930DA /* PopularItemCollectionViewCell.swift */; };
		A294A31E22D67FFE00C3B55C /* OCRRequest.swift in Sources */ = {isa = PBXBuildFile; fileRef = A294A31D22D67FFE00C3B55C /* OCRRequest.swift */; };
		A294A32022D680A100C3B55C /* OCRResponse.swift in Sources */ = {isa = PBXBuildFile; fileRef = A294A31F22D680A100C3B55C /* OCRResponse.swift */; };
		A2962A4122DB9C2B00FF85CF /* HeaderProductosTicket.xib in Resources */ = {isa = PBXBuildFile; fileRef = A2962A4022DB9C2B00FF85CF /* HeaderProductosTicket.xib */; };
		A2962A4322DBA51200FF85CF /* NotificacionHeader.xib in Resources */ = {isa = PBXBuildFile; fileRef = A2962A4222DBA51200FF85CF /* NotificacionHeader.xib */; };
		A2962A4522DBA75000FF85CF /* NotificationHeaderView.swift in Sources */ = {isa = PBXBuildFile; fileRef = A2962A4422DBA75000FF85CF /* NotificationHeaderView.swift */; };
		A2962A4722DBAB4E00FF85CF /* Notificacion.swift in Sources */ = {isa = PBXBuildFile; fileRef = A2962A4622DBAB4E00FF85CF /* Notificacion.swift */; };
		A297376C226638830071BE3E /* Usuario.swift in Sources */ = {isa = PBXBuildFile; fileRef = A297376B226638830071BE3E /* Usuario.swift */; };
		A29C59CA22F38CC7006A1F2D /* ErrorTicketViewController.swift in Sources */ = {isa = PBXBuildFile; fileRef = A29C59C922F38CC7006A1F2D /* ErrorTicketViewController.swift */; };
		A2A331B922837FAD000CDA4A /* Producto.swift in Sources */ = {isa = PBXBuildFile; fileRef = A2A331B822837FAC000CDA4A /* Producto.swift */; };
		A2A8DA38230DEC4000A0942C /* TicketNotFound.xib in Resources */ = {isa = PBXBuildFile; fileRef = A2A8DA37230DEC4000A0942C /* TicketNotFound.xib */; };
		A2A8DA3A230DED5800A0942C /* TicketNotFoundTableViewCell.swift in Sources */ = {isa = PBXBuildFile; fileRef = A2A8DA39230DED5800A0942C /* TicketNotFoundTableViewCell.swift */; };
		A2A8DA3C230DFC6F00A0942C /* HistoricoNotFoundTableViewCell.swift in Sources */ = {isa = PBXBuildFile; fileRef = A2A8DA3B230DFC6F00A0942C /* HistoricoNotFoundTableViewCell.swift */; };
		A2A8DA3E230DFC8800A0942C /* HistoricoNotFound.xib in Resources */ = {isa = PBXBuildFile; fileRef = A2A8DA3D230DFC8800A0942C /* HistoricoNotFound.xib */; };
		A2BA0664229DA4A9009A2213 /* BannerTableViewCell.swift in Sources */ = {isa = PBXBuildFile; fileRef = A2BA0663229DA4A9009A2213 /* BannerTableViewCell.swift */; };
		A2BA0666229DCF14009A2213 /* UITextField+image.swift in Sources */ = {isa = PBXBuildFile; fileRef = A2BA0665229DCF14009A2213 /* UITextField+image.swift */; };
		A2BCBCA522C16C310000BBD0 /* MenuViewController.swift in Sources */ = {isa = PBXBuildFile; fileRef = A2BCBCA422C16C310000BBD0 /* MenuViewController.swift */; };
		A2C1644F22A5CDA900D65B54 /* DatosTicketViewController.swift in Sources */ = {isa = PBXBuildFile; fileRef = A2C1644E22A5CDA900D65B54 /* DatosTicketViewController.swift */; };
		A2C38F9E22DCFAAE00C9E958 /* GoogleService-Info.plist in Resources */ = {isa = PBXBuildFile; fileRef = A2C38F9D22DCFAAE00C9E958 /* GoogleService-Info.plist */; };
		A2C52A8322E8B93300A01AB6 /* BarCodeViewController.swift in Sources */ = {isa = PBXBuildFile; fileRef = A2C52A8222E8B93300A01AB6 /* BarCodeViewController.swift */; };
		A2CB392F22C427380031EBAF /* HeaderProductos.xib in Resources */ = {isa = PBXBuildFile; fileRef = A2CB392E22C427380031EBAF /* HeaderProductos.xib */; };
		A2CB393122C42AB20031EBAF /* HeaderProductosView.swift in Sources */ = {isa = PBXBuildFile; fileRef = A2CB393022C42AB20031EBAF /* HeaderProductosView.swift */; };
		A2D83A5222CCF90D003DE37F /* PrincipalBonificacionTableViewCell.swift in Sources */ = {isa = PBXBuildFile; fileRef = A2D83A5122CCF90D003DE37F /* PrincipalBonificacionTableViewCell.swift */; };
		A2DC770C22CA553B00006C63 /* RecuperarPasswordTableViewController.swift in Sources */ = {isa = PBXBuildFile; fileRef = A2DC770B22CA553B00006C63 /* RecuperarPasswordTableViewController.swift */; };
		A2DC770E22CA5F9000006C63 /* TicketOCRAnalyzer.swift in Sources */ = {isa = PBXBuildFile; fileRef = A2DC770D22CA5F9000006C63 /* TicketOCRAnalyzer.swift */; };
		A2ED3E1B22B0244400A12D3A /* TiendaTableViewCell.swift in Sources */ = {isa = PBXBuildFile; fileRef = A2ED3E1A22B0244400A12D3A /* TiendaTableViewCell.swift */; };
		A2ED3E1D22B0258E00A12D3A /* TiendaItemCollectionViewCell.swift in Sources */ = {isa = PBXBuildFile; fileRef = A2ED3E1C22B0258E00A12D3A /* TiendaItemCollectionViewCell.swift */; };
		A2F0AA7822AEB4200069A84A /* Nunito-Light.ttf in Resources */ = {isa = PBXBuildFile; fileRef = A2F0AA6A22AEB41E0069A84A /* Nunito-Light.ttf */; };
		A2F0AA7922AEB4200069A84A /* Nunito-ExtraLight.ttf in Resources */ = {isa = PBXBuildFile; fileRef = A2F0AA6B22AEB41E0069A84A /* Nunito-ExtraLight.ttf */; };
		A2F0AA7A22AEB4200069A84A /* Nunito-ExtraLightItalic.ttf in Resources */ = {isa = PBXBuildFile; fileRef = A2F0AA6C22AEB41E0069A84A /* Nunito-ExtraLightItalic.ttf */; };
		A2F0AA7B22AEB4200069A84A /* Nunito-Black.ttf in Resources */ = {isa = PBXBuildFile; fileRef = A2F0AA6D22AEB41E0069A84A /* Nunito-Black.ttf */; };
		A2F0AA7C22AEB4200069A84A /* Nunito-Regular.ttf in Resources */ = {isa = PBXBuildFile; fileRef = A2F0AA6E22AEB41E0069A84A /* Nunito-Regular.ttf */; };
		A2F0AA7D22AEB4200069A84A /* Nunito-ExtraBold.ttf in Resources */ = {isa = PBXBuildFile; fileRef = A2F0AA6F22AEB41F0069A84A /* Nunito-ExtraBold.ttf */; };
		A2F0AA7E22AEB4200069A84A /* Nunito-BlackItalic.ttf in Resources */ = {isa = PBXBuildFile; fileRef = A2F0AA7022AEB41F0069A84A /* Nunito-BlackItalic.ttf */; };
		A2F0AA7F22AEB4200069A84A /* Nunito-Bold.ttf in Resources */ = {isa = PBXBuildFile; fileRef = A2F0AA7122AEB41F0069A84A /* Nunito-Bold.ttf */; };
		A2F0AA8022AEB4200069A84A /* Nunito-SemiBoldItalic.ttf in Resources */ = {isa = PBXBuildFile; fileRef = A2F0AA7222AEB41F0069A84A /* Nunito-SemiBoldItalic.ttf */; };
		A2F0AA8122AEB4200069A84A /* Nunito-LightItalic.ttf in Resources */ = {isa = PBXBuildFile; fileRef = A2F0AA7322AEB41F0069A84A /* Nunito-LightItalic.ttf */; };
		A2F0AA8222AEB4200069A84A /* Nunito-ExtraBoldItalic.ttf in Resources */ = {isa = PBXBuildFile; fileRef = A2F0AA7422AEB41F0069A84A /* Nunito-ExtraBoldItalic.ttf */; };
		A2F0AA8322AEB4200069A84A /* Nunito-BoldItalic.ttf in Resources */ = {isa = PBXBuildFile; fileRef = A2F0AA7522AEB41F0069A84A /* Nunito-BoldItalic.ttf */; };
		A2F0AA8422AEB4200069A84A /* Nunito-Italic.ttf in Resources */ = {isa = PBXBuildFile; fileRef = A2F0AA7622AEB41F0069A84A /* Nunito-Italic.ttf */; };
		A2F0AA8522AEB4200069A84A /* Nunito-SemiBold.ttf in Resources */ = {isa = PBXBuildFile; fileRef = A2F0AA7722AEB41F0069A84A /* Nunito-SemiBold.ttf */; };
		A2F7104E22A57E2F00D9E2B0 /* HistoricoBonificacionTableViewCell.swift in Sources */ = {isa = PBXBuildFile; fileRef = A2F7104D22A57E2F00D9E2B0 /* HistoricoBonificacionTableViewCell.swift */; };
		A2F7105022A5916900D9E2B0 /* BonificacionTableViewCell.swift in Sources */ = {isa = PBXBuildFile; fileRef = A2F7104F22A5916900D9E2B0 /* BonificacionTableViewCell.swift */; };
		A2F77AD622B52F10000AC45A /* PerfilTableViewController.swift in Sources */ = {isa = PBXBuildFile; fileRef = A2F77AD522B52F0F000AC45A /* PerfilTableViewController.swift */; };
		A2F7E0AF22B168CE00A96AB1 /* InfoTicketTableViewCell.swift in Sources */ = {isa = PBXBuildFile; fileRef = A2F7E0AE22B168CE00A96AB1 /* InfoTicketTableViewCell.swift */; };
		A2F7E0B322B16B1A00A96AB1 /* TotalTicketTableViewCell.swift in Sources */ = {isa = PBXBuildFile; fileRef = A2F7E0B222B16B1900A96AB1 /* TotalTicketTableViewCell.swift */; };
		A2F7E0B522B17A8900A96AB1 /* ProcesaTicketViewController.swift in Sources */ = {isa = PBXBuildFile; fileRef = A2F7E0B422B17A8900A96AB1 /* ProcesaTicketViewController.swift */; };
		A2F7E0B722B1980C00A96AB1 /* SideMenuViewController.swift in Sources */ = {isa = PBXBuildFile; fileRef = A2F7E0B622B1980C00A96AB1 /* SideMenuViewController.swift */; };
		A2F9D52C22A1A5E0004DE61A /* UIPreferences.swift in Sources */ = {isa = PBXBuildFile; fileRef = A2F9D52B22A1A5E0004DE61A /* UIPreferences.swift */; };
		A2FDF37E22BBDCA70060577B /* CompaniaTelefonicaTableViewController.swift in Sources */ = {isa = PBXBuildFile; fileRef = A2FDF37D22BBDCA70060577B /* CompaniaTelefonicaTableViewController.swift */; };
		A2FDF38022BBF30F0060577B /* Model.swift in Sources */ = {isa = PBXBuildFile; fileRef = A2FDF37F22BBF30F0060577B /* Model.swift */; };
		A2FDF38222BC1FA30060577B /* InformacionUsuario.swift in Sources */ = {isa = PBXBuildFile; fileRef = A2FDF38122BC1FA30060577B /* InformacionUsuario.swift */; };
		A2FDF38622BC49960060577B /* HeaderPrincipal.xib in Resources */ = {isa = PBXBuildFile; fileRef = A2FDF38522BC49960060577B /* HeaderPrincipal.xib */; };
		A2FDF38822BC50050060577B /* HeaderPrincipalView.swift in Sources */ = {isa = PBXBuildFile; fileRef = A2FDF38722BC50050060577B /* HeaderPrincipalView.swift */; };
		A351A1E0B06D2F4E2DA37A26 /* Pods_ShinShin.framework in Frameworks */ = {isa = PBXBuildFile; fileRef = CB5E4CF4660742E07CAD85B4 /* Pods_ShinShin.framework */; };
		A4D416B5E4B27EFBCDC43CA3 /* Pods_ShinShinTests.framework in Frameworks */ = {isa = PBXBuildFile; fileRef = E5D912D7BD4F7EABE2267F1E /* Pods_ShinShinTests.framework */; };
/* End PBXBuildFile section */

/* Begin PBXContainerItemProxy section */
		A267D7A3222DD7B800153CB8 /* PBXContainerItemProxy */ = {
			isa = PBXContainerItemProxy;
			containerPortal = A267D783222DD7AE00153CB8 /* Project object */;
			proxyType = 1;
			remoteGlobalIDString = A267D78A222DD7AE00153CB8;
			remoteInfo = ShinShin;
		};
		A267D7AE222DD7B800153CB8 /* PBXContainerItemProxy */ = {
			isa = PBXContainerItemProxy;
			containerPortal = A267D783222DD7AE00153CB8 /* Project object */;
			proxyType = 1;
			remoteGlobalIDString = A267D78A222DD7AE00153CB8;
			remoteInfo = ShinShin;
		};
/* End PBXContainerItemProxy section */

/* Begin PBXFileReference section */
		02C99941306ABD9123AD2346 /* Pods_ShinShinUITests.framework */ = {isa = PBXFileReference; explicitFileType = wrapper.framework; includeInIndex = 0; path = Pods_ShinShinUITests.framework; sourceTree = BUILT_PRODUCTS_DIR; };
		37374FB6E3C716FF0540A83B /* Pods-ShinShinUITests.release.xcconfig */ = {isa = PBXFileReference; includeInIndex = 1; lastKnownFileType = text.xcconfig; name = "Pods-ShinShinUITests.release.xcconfig"; path = "Target Support Files/Pods-ShinShinUITests/Pods-ShinShinUITests.release.xcconfig"; sourceTree = "<group>"; };
		576DA65E3233183B0B23AAEA /* Pods-ShinShinTests.debug.xcconfig */ = {isa = PBXFileReference; includeInIndex = 1; lastKnownFileType = text.xcconfig; name = "Pods-ShinShinTests.debug.xcconfig"; path = "Target Support Files/Pods-ShinShinTests/Pods-ShinShinTests.debug.xcconfig"; sourceTree = "<group>"; };
		99F5F9623ABDCCFE767D9EBE /* Pods-ShinShin.debug.xcconfig */ = {isa = PBXFileReference; includeInIndex = 1; lastKnownFileType = text.xcconfig; name = "Pods-ShinShin.debug.xcconfig"; path = "Target Support Files/Pods-ShinShin/Pods-ShinShin.debug.xcconfig"; sourceTree = "<group>"; };
		A2096DFD230F43AD004DCE65 /* SolicitarBonificacionTableViewController.swift */ = {isa = PBXFileReference; lastKnownFileType = sourcecode.swift; path = SolicitarBonificacionTableViewController.swift; sourceTree = "<group>"; };
		A20A118E22FC7D8B00CDA2A2 /* TicketDuplicadoViewController.swift */ = {isa = PBXFileReference; lastKnownFileType = sourcecode.swift; path = TicketDuplicadoViewController.swift; sourceTree = "<group>"; };
		A20B145D22A036B300667D39 /* Page1.xib */ = {isa = PBXFileReference; lastKnownFileType = file.xib; path = Page1.xib; sourceTree = "<group>"; };
		A20B145F22A0441600667D39 /* Page2.xib */ = {isa = PBXFileReference; lastKnownFileType = file.xib; path = Page2.xib; sourceTree = "<group>"; };
		A20BA6822264E5960030572F /* RESTHandler.swift */ = {isa = PBXFileReference; lastKnownFileType = sourcecode.swift; path = RESTHandler.swift; sourceTree = "<group>"; };
		A214F7D422CC002000314D78 /* HistoricoBonificacionHeaderCell.xib */ = {isa = PBXFileReference; lastKnownFileType = file.xib; path = HistoricoBonificacionHeaderCell.xib; sourceTree = "<group>"; };
		A223095622B9E6BC00DEA6EA /* MediosPagoView.xib */ = {isa = PBXFileReference; lastKnownFileType = file.xib; path = MediosPagoView.xib; sourceTree = "<group>"; };
		A223095822B9EBA200DEA6EA /* MediosPagoView.swift */ = {isa = PBXFileReference; lastKnownFileType = sourcecode.swift; path = MediosPagoView.swift; sourceTree = "<group>"; };
		A225C57022DA859300529591 /* PreguntasHeader.xib */ = {isa = PBXFileReference; lastKnownFileType = file.xib; path = PreguntasHeader.xib; sourceTree = "<group>"; };
		A226797722E3B05D00E1B726 /* TipoBancaria.swift */ = {isa = PBXFileReference; lastKnownFileType = sourcecode.swift; path = TipoBancaria.swift; sourceTree = "<group>"; };
		A234CC5822A6C7BC00BCBC7A /* ProductoTicketTableViewCell.swift */ = {isa = PBXFileReference; lastKnownFileType = sourcecode.swift; path = ProductoTicketTableViewCell.swift; sourceTree = "<group>"; };
		A234CC5A22A6D76F00BCBC7A /* MediosBonificacionTableViewController.swift */ = {isa = PBXFileReference; lastKnownFileType = sourcecode.swift; path = MediosBonificacionTableViewController.swift; sourceTree = "<group>"; };
		A234CC5C22A6DD8C00BCBC7A /* BancoTableViewCell.swift */ = {isa = PBXFileReference; lastKnownFileType = sourcecode.swift; path = BancoTableViewCell.swift; sourceTree = "<group>"; };
		A234CC5E22A6DDB800BCBC7A /* PayPalTableViewCell.swift */ = {isa = PBXFileReference; lastKnownFileType = sourcecode.swift; path = PayPalTableViewCell.swift; sourceTree = "<group>"; };
		A234CC6022A6DDCA00BCBC7A /* RecargaTableViewCell.swift */ = {isa = PBXFileReference; lastKnownFileType = sourcecode.swift; path = RecargaTableViewCell.swift; sourceTree = "<group>"; };
		A23D5AE222A45529008B4433 /* PreguntaTableViewCell.swift */ = {isa = PBXFileReference; lastKnownFileType = sourcecode.swift; path = PreguntaTableViewCell.swift; sourceTree = "<group>"; };
		A23D5AE422A45C35008B4433 /* BonificacionViewController.swift */ = {isa = PBXFileReference; lastKnownFileType = sourcecode.swift; path = BonificacionViewController.swift; sourceTree = "<group>"; };
		A23E72A6230DAB3000CB2635 /* VerificacionViewController.swift */ = {isa = PBXFileReference; lastKnownFileType = sourcecode.swift; path = VerificacionViewController.swift; sourceTree = "<group>"; };
		A23EBA1822C40E4F009BDDB9 /* HistoricoTicketTableViewCell.swift */ = {isa = PBXFileReference; lastKnownFileType = sourcecode.swift; path = HistoricoTicketTableViewCell.swift; sourceTree = "<group>"; };
		A241C8E822DD23B6008B342C /* CustomCameraViewController.swift */ = {isa = PBXFileReference; lastKnownFileType = sourcecode.swift; path = CustomCameraViewController.swift; sourceTree = "<group>"; };
		A24BF9692259353F002DF555 /* UsuarioViewController.swift */ = {isa = PBXFileReference; lastKnownFileType = sourcecode.swift; path = UsuarioViewController.swift; sourceTree = "<group>"; };
		A254723022D255710014AE64 /* UIUtilities.swift */ = {isa = PBXFileReference; lastKnownFileType = sourcecode.swift; path = UIUtilities.swift; sourceTree = "<group>"; };
		A254723222D25A020014AE64 /* MLKitExtensions.swift */ = {isa = PBXFileReference; lastKnownFileType = sourcecode.swift; path = MLKitExtensions.swift; sourceTree = "<group>"; };
		A256FF7A22A9B30C00B977ED /* ProductoTableViewCell.swift */ = {isa = PBXFileReference; lastKnownFileType = sourcecode.swift; path = ProductoTableViewCell.swift; sourceTree = "<group>"; };
		A256FF7C22A9C43F00B977ED /* ContactoViewController.swift */ = {isa = PBXFileReference; lastKnownFileType = sourcecode.swift; path = ContactoViewController.swift; sourceTree = "<group>"; };
		A25B26A922C282AD006AEB7B /* BancoBonificacionTableViewCell.swift */ = {isa = PBXFileReference; lastKnownFileType = sourcecode.swift; path = BancoBonificacionTableViewCell.swift; sourceTree = "<group>"; };
		A25B26AB22C28871006AEB7B /* PayPalBonificacionTableViewCell.swift */ = {isa = PBXFileReference; lastKnownFileType = sourcecode.swift; path = PayPalBonificacionTableViewCell.swift; sourceTree = "<group>"; };
		A25B26AD22C28893006AEB7B /* RecargaBonificacionTableViewCell.swift */ = {isa = PBXFileReference; lastKnownFileType = sourcecode.swift; path = RecargaBonificacionTableViewCell.swift; sourceTree = "<group>"; };
		A25B26AF22C290DA006AEB7B /* Bonificacion.swift */ = {isa = PBXFileReference; lastKnownFileType = sourcecode.swift; path = Bonificacion.swift; sourceTree = "<group>"; };
		A25C63DA22B7E88D0040DEA6 /* Marca.swift */ = {isa = PBXFileReference; lastKnownFileType = sourcecode.swift; path = Marca.swift; sourceTree = "<group>"; };
		A25C63DC22B7E8990040DEA6 /* TipoProducto.swift */ = {isa = PBXFileReference; lastKnownFileType = sourcecode.swift; path = TipoProducto.swift; sourceTree = "<group>"; };
		A25C63DE22B7F71F0040DEA6 /* CatalogoMediosBonificacion.swift */ = {isa = PBXFileReference; lastKnownFileType = sourcecode.swift; path = CatalogoMediosBonificacion.swift; sourceTree = "<group>"; };
		A25C63E022B7F8090040DEA6 /* MediosBonificacion.swift */ = {isa = PBXFileReference; lastKnownFileType = sourcecode.swift; path = MediosBonificacion.swift; sourceTree = "<group>"; };
		A25C63E222B7FC730040DEA6 /* Ticket.swift */ = {isa = PBXFileReference; lastKnownFileType = sourcecode.swift; path = Ticket.swift; sourceTree = "<group>"; };
		A25C63E422B809890040DEA6 /* SimpleResponse.swift */ = {isa = PBXFileReference; lastKnownFileType = sourcecode.swift; name = SimpleResponse.swift; path = ../ViewControllers/SimpleResponse.swift; sourceTree = "<group>"; };
		A265418D22B92CAA0042C382 /* CatalogoTiendas.swift */ = {isa = PBXFileReference; lastKnownFileType = sourcecode.swift; path = CatalogoTiendas.swift; sourceTree = "<group>"; };
		A265418F22B953290042C382 /* CatalogoDepartamentos.swift */ = {isa = PBXFileReference; lastKnownFileType = sourcecode.swift; path = CatalogoDepartamentos.swift; sourceTree = "<group>"; };
		A267D78B222DD7AE00153CB8 /* ShinShin.app */ = {isa = PBXFileReference; explicitFileType = wrapper.application; includeInIndex = 0; path = ShinShin.app; sourceTree = BUILT_PRODUCTS_DIR; };
		A267D78E222DD7AF00153CB8 /* AppDelegate.swift */ = {isa = PBXFileReference; lastKnownFileType = sourcecode.swift; path = AppDelegate.swift; sourceTree = "<group>"; };
		A267D793222DD7AF00153CB8 /* Base */ = {isa = PBXFileReference; lastKnownFileType = file.storyboard; name = Base; path = Base.lproj/Main.storyboard; sourceTree = "<group>"; };
		A267D796222DD7AF00153CB8 /* ShinShin.xcdatamodel */ = {isa = PBXFileReference; lastKnownFileType = wrapper.xcdatamodel; path = ShinShin.xcdatamodel; sourceTree = "<group>"; };
		A267D798222DD7B800153CB8 /* Assets.xcassets */ = {isa = PBXFileReference; lastKnownFileType = folder.assetcatalog; path = Assets.xcassets; sourceTree = "<group>"; };
		A267D79B222DD7B800153CB8 /* Base */ = {isa = PBXFileReference; lastKnownFileType = file.storyboard; name = Base; path = Base.lproj/LaunchScreen.storyboard; sourceTree = "<group>"; };
		A267D79D222DD7B800153CB8 /* Info.plist */ = {isa = PBXFileReference; lastKnownFileType = text.plist.xml; path = Info.plist; sourceTree = "<group>"; };
		A267D7A2222DD7B800153CB8 /* ShinShinTests.xctest */ = {isa = PBXFileReference; explicitFileType = wrapper.cfbundle; includeInIndex = 0; path = ShinShinTests.xctest; sourceTree = BUILT_PRODUCTS_DIR; };
		A267D7A6222DD7B800153CB8 /* ShinShinTests.swift */ = {isa = PBXFileReference; lastKnownFileType = sourcecode.swift; path = ShinShinTests.swift; sourceTree = "<group>"; };
		A267D7A8222DD7B800153CB8 /* Info.plist */ = {isa = PBXFileReference; lastKnownFileType = text.plist.xml; path = Info.plist; sourceTree = "<group>"; };
		A267D7AD222DD7B800153CB8 /* ShinShinUITests.xctest */ = {isa = PBXFileReference; explicitFileType = wrapper.cfbundle; includeInIndex = 0; path = ShinShinUITests.xctest; sourceTree = BUILT_PRODUCTS_DIR; };
		A267D7B1222DD7B800153CB8 /* ShinShinUITests.swift */ = {isa = PBXFileReference; lastKnownFileType = sourcecode.swift; path = ShinShinUITests.swift; sourceTree = "<group>"; };
		A267D7B3222DD7B800153CB8 /* Info.plist */ = {isa = PBXFileReference; lastKnownFileType = text.plist.xml; path = Info.plist; sourceTree = "<group>"; };
		A267D7C0222DDC8C00153CB8 /* LogInViewController.swift */ = {isa = PBXFileReference; lastKnownFileType = sourcecode.swift; path = LogInViewController.swift; sourceTree = "<group>"; };
		A267D7C2222DDCA800153CB8 /* ProductosTableViewController.swift */ = {isa = PBXFileReference; lastKnownFileType = sourcecode.swift; path = ProductosTableViewController.swift; sourceTree = "<group>"; };
		A267D7C4222DDCF200153CB8 /* ProductoDetalleViewController.swift */ = {isa = PBXFileReference; lastKnownFileType = sourcecode.swift; path = ProductoDetalleViewController.swift; sourceTree = "<group>"; };
		A267D7C8222DDD4C00153CB8 /* OCRViewController.swift */ = {isa = PBXFileReference; lastKnownFileType = sourcecode.swift; path = OCRViewController.swift; sourceTree = "<group>"; };
		A26A0C6F22BD58EF00AF5E2D /* UIImageView+DownloadImage.swift */ = {isa = PBXFileReference; lastKnownFileType = sourcecode.swift; path = "UIImageView+DownloadImage.swift"; sourceTree = "<group>"; };
		A26C71F0226A448E00FD9794 /* Validations.swift */ = {isa = PBXFileReference; lastKnownFileType = sourcecode.swift; path = Validations.swift; sourceTree = "<group>"; };
		A26CBD0422A857E8002A5CD5 /* PopularTableViewCell.swift */ = {isa = PBXFileReference; fileEncoding = 4; lastKnownFileType = sourcecode.swift; path = PopularTableViewCell.swift; sourceTree = "<group>"; };
		A26CBD0622A870C7002A5CD5 /* DeptoTableViewCell.swift */ = {isa = PBXFileReference; lastKnownFileType = sourcecode.swift; path = DeptoTableViewCell.swift; sourceTree = "<group>"; };
		A26CBD0822A8710E002A5CD5 /* DeptoItemCollectionViewCell.swift */ = {isa = PBXFileReference; lastKnownFileType = sourcecode.swift; path = DeptoItemCollectionViewCell.swift; sourceTree = "<group>"; };
		A26D47D822B700D70040AC0D /* NotificacionesTableViewController.swift */ = {isa = PBXFileReference; lastKnownFileType = sourcecode.swift; path = NotificacionesTableViewController.swift; sourceTree = "<group>"; };
		A26D47DA22B701D90040AC0D /* NotificacionesTableViewCell.swift */ = {isa = PBXFileReference; lastKnownFileType = sourcecode.swift; path = NotificacionesTableViewCell.swift; sourceTree = "<group>"; };
		A26E620E229F17C300F0CA76 /* TutorialPageViewController.swift */ = {isa = PBXFileReference; lastKnownFileType = sourcecode.swift; path = TutorialPageViewController.swift; sourceTree = "<group>"; };
		A26E6210229F2C2A00F0CA76 /* TutorialViewController.swift */ = {isa = PBXFileReference; lastKnownFileType = sourcecode.swift; path = TutorialViewController.swift; sourceTree = "<group>"; };
		A26FB1C922CE7D3500003507 /* ConfirmacionBonificacionViewController.swift */ = {isa = PBXFileReference; lastKnownFileType = sourcecode.swift; path = ConfirmacionBonificacionViewController.swift; sourceTree = "<group>"; };
		A271296522B2A65C0099CB0B /* MediosBonificacionDetailViewController.swift */ = {isa = PBXFileReference; lastKnownFileType = sourcecode.swift; path = MediosBonificacionDetailViewController.swift; sourceTree = "<group>"; };
		A271296722B2AE5B0099CB0B /* BancoDetailTableViewCell.swift */ = {isa = PBXFileReference; lastKnownFileType = sourcecode.swift; path = BancoDetailTableViewCell.swift; sourceTree = "<group>"; };
		A271296922B2AEB70099CB0B /* PayPalDetailTableViewCell.swift */ = {isa = PBXFileReference; lastKnownFileType = sourcecode.swift; path = PayPalDetailTableViewCell.swift; sourceTree = "<group>"; };
		A271296B22B2AEC40099CB0B /* RecargaDetailTableViewCell.swift */ = {isa = PBXFileReference; lastKnownFileType = sourcecode.swift; path = RecargaDetailTableViewCell.swift; sourceTree = "<group>"; };
		A27824F622A71C9F00A2885E /* PrincipalViewController.swift */ = {isa = PBXFileReference; lastKnownFileType = sourcecode.swift; path = PrincipalViewController.swift; sourceTree = "<group>"; };
		A27824F822A7228900A2885E /* CategoriaTableViewCell.swift */ = {isa = PBXFileReference; lastKnownFileType = sourcecode.swift; path = CategoriaTableViewCell.swift; sourceTree = "<group>"; };
		A27F3FFE22A426DE0026A4F3 /* AyudaViewControlller.swift */ = {isa = PBXFileReference; lastKnownFileType = sourcecode.swift; path = AyudaViewControlller.swift; sourceTree = "<group>"; };
		A282596422C843B1009122DB /* FotoTableViewCell.swift */ = {isa = PBXFileReference; lastKnownFileType = sourcecode.swift; path = FotoTableViewCell.swift; sourceTree = "<group>"; };
		A282596622C867C7009122DB /* Sexo.swift */ = {isa = PBXFileReference; lastKnownFileType = sourcecode.swift; path = Sexo.swift; sourceTree = "<group>"; };
		A286B97F22C6A018008F6B32 /* PrivacidadViewController.swift */ = {isa = PBXFileReference; lastKnownFileType = sourcecode.swift; path = PrivacidadViewController.swift; sourceTree = "<group>"; };
		A286B98222C6A1DC008F6B32 /* TerminosViewController.swift */ = {isa = PBXFileReference; lastKnownFileType = sourcecode.swift; path = TerminosViewController.swift; sourceTree = "<group>"; };
		A286B98622C6B2FE008F6B32 /* ActivacionTableViewController.swift */ = {isa = PBXFileReference; lastKnownFileType = sourcecode.swift; path = ActivacionTableViewController.swift; sourceTree = "<group>"; };
		A2883FE722A81B0300E930DA /* BannerItemCollectionViewCell.swift */ = {isa = PBXFileReference; lastKnownFileType = sourcecode.swift; path = BannerItemCollectionViewCell.swift; sourceTree = "<group>"; };
		A2883FE922A840A500E930DA /* PopularItemCollectionViewCell.swift */ = {isa = PBXFileReference; lastKnownFileType = sourcecode.swift; path = PopularItemCollectionViewCell.swift; sourceTree = "<group>"; };
		A294A31D22D67FFE00C3B55C /* OCRRequest.swift */ = {isa = PBXFileReference; lastKnownFileType = sourcecode.swift; path = OCRRequest.swift; sourceTree = "<group>"; };
		A294A31F22D680A100C3B55C /* OCRResponse.swift */ = {isa = PBXFileReference; lastKnownFileType = sourcecode.swift; path = OCRResponse.swift; sourceTree = "<group>"; };
		A2962A4022DB9C2B00FF85CF /* HeaderProductosTicket.xib */ = {isa = PBXFileReference; lastKnownFileType = file.xib; path = HeaderProductosTicket.xib; sourceTree = "<group>"; };
		A2962A4222DBA51200FF85CF /* NotificacionHeader.xib */ = {isa = PBXFileReference; lastKnownFileType = file.xib; path = NotificacionHeader.xib; sourceTree = "<group>"; };
		A2962A4422DBA75000FF85CF /* NotificationHeaderView.swift */ = {isa = PBXFileReference; lastKnownFileType = sourcecode.swift; path = NotificationHeaderView.swift; sourceTree = "<group>"; };
		A2962A4622DBAB4E00FF85CF /* Notificacion.swift */ = {isa = PBXFileReference; lastKnownFileType = sourcecode.swift; path = Notificacion.swift; sourceTree = "<group>"; };
		A297376B226638830071BE3E /* Usuario.swift */ = {isa = PBXFileReference; lastKnownFileType = sourcecode.swift; path = Usuario.swift; sourceTree = "<group>"; };
		A29C59C922F38CC7006A1F2D /* ErrorTicketViewController.swift */ = {isa = PBXFileReference; lastKnownFileType = sourcecode.swift; path = ErrorTicketViewController.swift; sourceTree = "<group>"; };
		A2A331B822837FAC000CDA4A /* Producto.swift */ = {isa = PBXFileReference; lastKnownFileType = sourcecode.swift; path = Producto.swift; sourceTree = "<group>"; };
		A2A8DA37230DEC4000A0942C /* TicketNotFound.xib */ = {isa = PBXFileReference; lastKnownFileType = file.xib; path = TicketNotFound.xib; sourceTree = "<group>"; };
		A2A8DA39230DED5800A0942C /* TicketNotFoundTableViewCell.swift */ = {isa = PBXFileReference; lastKnownFileType = sourcecode.swift; path = TicketNotFoundTableViewCell.swift; sourceTree = "<group>"; };
		A2A8DA3B230DFC6F00A0942C /* HistoricoNotFoundTableViewCell.swift */ = {isa = PBXFileReference; lastKnownFileType = sourcecode.swift; path = HistoricoNotFoundTableViewCell.swift; sourceTree = "<group>"; };
		A2A8DA3D230DFC8800A0942C /* HistoricoNotFound.xib */ = {isa = PBXFileReference; lastKnownFileType = file.xib; path = HistoricoNotFound.xib; sourceTree = "<group>"; };
		A2BA0663229DA4A9009A2213 /* BannerTableViewCell.swift */ = {isa = PBXFileReference; lastKnownFileType = sourcecode.swift; path = BannerTableViewCell.swift; sourceTree = "<group>"; };
		A2BA0665229DCF14009A2213 /* UITextField+image.swift */ = {isa = PBXFileReference; lastKnownFileType = sourcecode.swift; path = "UITextField+image.swift"; sourceTree = "<group>"; };
		A2BCBCA422C16C310000BBD0 /* MenuViewController.swift */ = {isa = PBXFileReference; lastKnownFileType = sourcecode.swift; path = MenuViewController.swift; sourceTree = "<group>"; };
		A2C1644E22A5CDA900D65B54 /* DatosTicketViewController.swift */ = {isa = PBXFileReference; lastKnownFileType = sourcecode.swift; path = DatosTicketViewController.swift; sourceTree = "<group>"; };
		A2C38F9C22DCE55E00C9E958 /* ShinShin.entitlements */ = {isa = PBXFileReference; lastKnownFileType = text.plist.entitlements; path = ShinShin.entitlements; sourceTree = "<group>"; };
		A2C38F9D22DCFAAE00C9E958 /* GoogleService-Info.plist */ = {isa = PBXFileReference; fileEncoding = 4; lastKnownFileType = text.plist.xml; path = "GoogleService-Info.plist"; sourceTree = "<group>"; };
		A2C52A8222E8B93300A01AB6 /* BarCodeViewController.swift */ = {isa = PBXFileReference; lastKnownFileType = sourcecode.swift; path = BarCodeViewController.swift; sourceTree = "<group>"; };
		A2CB392E22C427380031EBAF /* HeaderProductos.xib */ = {isa = PBXFileReference; lastKnownFileType = file.xib; path = HeaderProductos.xib; sourceTree = "<group>"; };
		A2CB393022C42AB20031EBAF /* HeaderProductosView.swift */ = {isa = PBXFileReference; lastKnownFileType = sourcecode.swift; path = HeaderProductosView.swift; sourceTree = "<group>"; };
		A2D83A5122CCF90D003DE37F /* PrincipalBonificacionTableViewCell.swift */ = {isa = PBXFileReference; lastKnownFileType = sourcecode.swift; path = PrincipalBonificacionTableViewCell.swift; sourceTree = "<group>"; };
		A2DC770B22CA553B00006C63 /* RecuperarPasswordTableViewController.swift */ = {isa = PBXFileReference; lastKnownFileType = sourcecode.swift; path = RecuperarPasswordTableViewController.swift; sourceTree = "<group>"; };
		A2DC770D22CA5F9000006C63 /* TicketOCRAnalyzer.swift */ = {isa = PBXFileReference; lastKnownFileType = sourcecode.swift; path = TicketOCRAnalyzer.swift; sourceTree = "<group>"; };
		A2ED3E1A22B0244400A12D3A /* TiendaTableViewCell.swift */ = {isa = PBXFileReference; lastKnownFileType = sourcecode.swift; path = TiendaTableViewCell.swift; sourceTree = "<group>"; };
		A2ED3E1C22B0258E00A12D3A /* TiendaItemCollectionViewCell.swift */ = {isa = PBXFileReference; lastKnownFileType = sourcecode.swift; path = TiendaItemCollectionViewCell.swift; sourceTree = "<group>"; };
		A2F0AA6A22AEB41E0069A84A /* Nunito-Light.ttf */ = {isa = PBXFileReference; lastKnownFileType = file; path = "Nunito-Light.ttf"; sourceTree = "<group>"; };
		A2F0AA6B22AEB41E0069A84A /* Nunito-ExtraLight.ttf */ = {isa = PBXFileReference; lastKnownFileType = file; path = "Nunito-ExtraLight.ttf"; sourceTree = "<group>"; };
		A2F0AA6C22AEB41E0069A84A /* Nunito-ExtraLightItalic.ttf */ = {isa = PBXFileReference; lastKnownFileType = file; path = "Nunito-ExtraLightItalic.ttf"; sourceTree = "<group>"; };
		A2F0AA6D22AEB41E0069A84A /* Nunito-Black.ttf */ = {isa = PBXFileReference; lastKnownFileType = file; path = "Nunito-Black.ttf"; sourceTree = "<group>"; };
		A2F0AA6E22AEB41E0069A84A /* Nunito-Regular.ttf */ = {isa = PBXFileReference; lastKnownFileType = file; path = "Nunito-Regular.ttf"; sourceTree = "<group>"; };
		A2F0AA6F22AEB41F0069A84A /* Nunito-ExtraBold.ttf */ = {isa = PBXFileReference; lastKnownFileType = file; path = "Nunito-ExtraBold.ttf"; sourceTree = "<group>"; };
		A2F0AA7022AEB41F0069A84A /* Nunito-BlackItalic.ttf */ = {isa = PBXFileReference; lastKnownFileType = file; path = "Nunito-BlackItalic.ttf"; sourceTree = "<group>"; };
		A2F0AA7122AEB41F0069A84A /* Nunito-Bold.ttf */ = {isa = PBXFileReference; lastKnownFileType = file; path = "Nunito-Bold.ttf"; sourceTree = "<group>"; };
		A2F0AA7222AEB41F0069A84A /* Nunito-SemiBoldItalic.ttf */ = {isa = PBXFileReference; lastKnownFileType = file; path = "Nunito-SemiBoldItalic.ttf"; sourceTree = "<group>"; };
		A2F0AA7322AEB41F0069A84A /* Nunito-LightItalic.ttf */ = {isa = PBXFileReference; lastKnownFileType = file; path = "Nunito-LightItalic.ttf"; sourceTree = "<group>"; };
		A2F0AA7422AEB41F0069A84A /* Nunito-ExtraBoldItalic.ttf */ = {isa = PBXFileReference; lastKnownFileType = file; path = "Nunito-ExtraBoldItalic.ttf"; sourceTree = "<group>"; };
		A2F0AA7522AEB41F0069A84A /* Nunito-BoldItalic.ttf */ = {isa = PBXFileReference; lastKnownFileType = file; path = "Nunito-BoldItalic.ttf"; sourceTree = "<group>"; };
		A2F0AA7622AEB41F0069A84A /* Nunito-Italic.ttf */ = {isa = PBXFileReference; lastKnownFileType = file; path = "Nunito-Italic.ttf"; sourceTree = "<group>"; };
		A2F0AA7722AEB41F0069A84A /* Nunito-SemiBold.ttf */ = {isa = PBXFileReference; lastKnownFileType = file; path = "Nunito-SemiBold.ttf"; sourceTree = "<group>"; };
		A2F7104D22A57E2F00D9E2B0 /* HistoricoBonificacionTableViewCell.swift */ = {isa = PBXFileReference; lastKnownFileType = sourcecode.swift; path = HistoricoBonificacionTableViewCell.swift; sourceTree = "<group>"; };
		A2F7104F22A5916900D9E2B0 /* BonificacionTableViewCell.swift */ = {isa = PBXFileReference; lastKnownFileType = sourcecode.swift; path = BonificacionTableViewCell.swift; sourceTree = "<group>"; };
		A2F77AD522B52F0F000AC45A /* PerfilTableViewController.swift */ = {isa = PBXFileReference; lastKnownFileType = sourcecode.swift; path = PerfilTableViewController.swift; sourceTree = "<group>"; };
		A2F7E0AE22B168CE00A96AB1 /* InfoTicketTableViewCell.swift */ = {isa = PBXFileReference; lastKnownFileType = sourcecode.swift; path = InfoTicketTableViewCell.swift; sourceTree = "<group>"; };
		A2F7E0B222B16B1900A96AB1 /* TotalTicketTableViewCell.swift */ = {isa = PBXFileReference; fileEncoding = 4; lastKnownFileType = sourcecode.swift; path = TotalTicketTableViewCell.swift; sourceTree = "<group>"; };
		A2F7E0B422B17A8900A96AB1 /* ProcesaTicketViewController.swift */ = {isa = PBXFileReference; lastKnownFileType = sourcecode.swift; path = ProcesaTicketViewController.swift; sourceTree = "<group>"; };
		A2F7E0B622B1980C00A96AB1 /* SideMenuViewController.swift */ = {isa = PBXFileReference; lastKnownFileType = sourcecode.swift; path = SideMenuViewController.swift; sourceTree = "<group>"; };
		A2F9D52B22A1A5E0004DE61A /* UIPreferences.swift */ = {isa = PBXFileReference; lastKnownFileType = sourcecode.swift; path = UIPreferences.swift; sourceTree = "<group>"; };
		A2FDF37D22BBDCA70060577B /* CompaniaTelefonicaTableViewController.swift */ = {isa = PBXFileReference; lastKnownFileType = sourcecode.swift; path = CompaniaTelefonicaTableViewController.swift; sourceTree = "<group>"; };
		A2FDF37F22BBF30F0060577B /* Model.swift */ = {isa = PBXFileReference; lastKnownFileType = sourcecode.swift; path = Model.swift; sourceTree = "<group>"; };
		A2FDF38122BC1FA30060577B /* InformacionUsuario.swift */ = {isa = PBXFileReference; lastKnownFileType = sourcecode.swift; path = InformacionUsuario.swift; sourceTree = "<group>"; };
		A2FDF38522BC49960060577B /* HeaderPrincipal.xib */ = {isa = PBXFileReference; lastKnownFileType = file.xib; path = HeaderPrincipal.xib; sourceTree = "<group>"; };
		A2FDF38722BC50050060577B /* HeaderPrincipalView.swift */ = {isa = PBXFileReference; lastKnownFileType = sourcecode.swift; path = HeaderPrincipalView.swift; sourceTree = "<group>"; };
		BC0561385F24CF95853B7D3C /* Pods-ShinShin.release.xcconfig */ = {isa = PBXFileReference; includeInIndex = 1; lastKnownFileType = text.xcconfig; name = "Pods-ShinShin.release.xcconfig"; path = "Target Support Files/Pods-ShinShin/Pods-ShinShin.release.xcconfig"; sourceTree = "<group>"; };
		C5F085A37EA6DA237FBFD7B9 /* Pods-ShinShinTests.release.xcconfig */ = {isa = PBXFileReference; includeInIndex = 1; lastKnownFileType = text.xcconfig; name = "Pods-ShinShinTests.release.xcconfig"; path = "Target Support Files/Pods-ShinShinTests/Pods-ShinShinTests.release.xcconfig"; sourceTree = "<group>"; };
		CB5E4CF4660742E07CAD85B4 /* Pods_ShinShin.framework */ = {isa = PBXFileReference; explicitFileType = wrapper.framework; includeInIndex = 0; path = Pods_ShinShin.framework; sourceTree = BUILT_PRODUCTS_DIR; };
		E5D912D7BD4F7EABE2267F1E /* Pods_ShinShinTests.framework */ = {isa = PBXFileReference; explicitFileType = wrapper.framework; includeInIndex = 0; path = Pods_ShinShinTests.framework; sourceTree = BUILT_PRODUCTS_DIR; };
		F9C34F90E15A17310FAB1E0F /* Pods-ShinShinUITests.debug.xcconfig */ = {isa = PBXFileReference; includeInIndex = 1; lastKnownFileType = text.xcconfig; name = "Pods-ShinShinUITests.debug.xcconfig"; path = "Target Support Files/Pods-ShinShinUITests/Pods-ShinShinUITests.debug.xcconfig"; sourceTree = "<group>"; };
/* End PBXFileReference section */

/* Begin PBXFrameworksBuildPhase section */
		A267D788222DD7AE00153CB8 /* Frameworks */ = {
			isa = PBXFrameworksBuildPhase;
			buildActionMask = 2147483647;
			files = (
				A351A1E0B06D2F4E2DA37A26 /* Pods_ShinShin.framework in Frameworks */,
			);
			runOnlyForDeploymentPostprocessing = 0;
		};
		A267D79F222DD7B800153CB8 /* Frameworks */ = {
			isa = PBXFrameworksBuildPhase;
			buildActionMask = 2147483647;
			files = (
				A4D416B5E4B27EFBCDC43CA3 /* Pods_ShinShinTests.framework in Frameworks */,
			);
			runOnlyForDeploymentPostprocessing = 0;
		};
		A267D7AA222DD7B800153CB8 /* Frameworks */ = {
			isa = PBXFrameworksBuildPhase;
			buildActionMask = 2147483647;
			files = (
				9708815816D3909AA221B5F6 /* Pods_ShinShinUITests.framework in Frameworks */,
			);
			runOnlyForDeploymentPostprocessing = 0;
		};
/* End PBXFrameworksBuildPhase section */

/* Begin PBXGroup section */
		A20BA6812264E5720030572F /* Helper */ = {
			isa = PBXGroup;
			children = (
				A2BA0665229DCF14009A2213 /* UITextField+image.swift */,
				A20BA6822264E5960030572F /* RESTHandler.swift */,
				A26C71F0226A448E00FD9794 /* Validations.swift */,
				A2F9D52B22A1A5E0004DE61A /* UIPreferences.swift */,
				A26A0C6F22BD58EF00AF5E2D /* UIImageView+DownloadImage.swift */,
				A2DC770D22CA5F9000006C63 /* TicketOCRAnalyzer.swift */,
				A254723022D255710014AE64 /* UIUtilities.swift */,
				A254723222D25A020014AE64 /* MLKitExtensions.swift */,
			);
			path = Helper;
			sourceTree = "<group>";
		};
		A267D782222DD7AE00153CB8 = {
			isa = PBXGroup;
			children = (
				A267D78D222DD7AE00153CB8 /* ShinShin */,
				A267D7A5222DD7B800153CB8 /* ShinShinTests */,
				A267D7B0222DD7B800153CB8 /* ShinShinUITests */,
				A267D78C222DD7AE00153CB8 /* Products */,
				CA9D7EA10A55263B6E63B53D /* Pods */,
				DF5C60AC8B2C4F48D135E359 /* Frameworks */,
			);
			sourceTree = "<group>";
		};
		A267D78C222DD7AE00153CB8 /* Products */ = {
			isa = PBXGroup;
			children = (
				A267D78B222DD7AE00153CB8 /* ShinShin.app */,
				A267D7A2222DD7B800153CB8 /* ShinShinTests.xctest */,
				A267D7AD222DD7B800153CB8 /* ShinShinUITests.xctest */,
			);
			name = Products;
			sourceTree = "<group>";
		};
		A267D78D222DD7AE00153CB8 /* ShinShin */ = {
			isa = PBXGroup;
			children = (
				A2C38F9C22DCE55E00C9E958 /* ShinShin.entitlements */,
				A2F0AA6922AEB3FA0069A84A /* Fonts */,
				A297376A226637640071BE3E /* Model */,
				A20BA6812264E5720030572F /* Helper */,
				A267D7BF222DDC5B00153CB8 /* ViewControllers */,
				A267D78E222DD7AF00153CB8 /* AppDelegate.swift */,
				A267D792222DD7AF00153CB8 /* Main.storyboard */,
				A267D798222DD7B800153CB8 /* Assets.xcassets */,
				A267D79A222DD7B800153CB8 /* LaunchScreen.storyboard */,
				A267D79D222DD7B800153CB8 /* Info.plist */,
				A2C38F9D22DCFAAE00C9E958 /* GoogleService-Info.plist */,
				A267D795222DD7AF00153CB8 /* ShinShin.xcdatamodeld */,
			);
			path = ShinShin;
			sourceTree = "<group>";
		};
		A267D7A5222DD7B800153CB8 /* ShinShinTests */ = {
			isa = PBXGroup;
			children = (
				A267D7A6222DD7B800153CB8 /* ShinShinTests.swift */,
				A267D7A8222DD7B800153CB8 /* Info.plist */,
			);
			path = ShinShinTests;
			sourceTree = "<group>";
		};
		A267D7B0222DD7B800153CB8 /* ShinShinUITests */ = {
			isa = PBXGroup;
			children = (
				A267D7B1222DD7B800153CB8 /* ShinShinUITests.swift */,
				A267D7B3222DD7B800153CB8 /* Info.plist */,
			);
			path = ShinShinUITests;
			sourceTree = "<group>";
		};
		A267D7BF222DDC5B00153CB8 /* ViewControllers */ = {
			isa = PBXGroup;
			children = (
				A286B98122C6A1C0008F6B32 /* Terminos */,
				A286B97E22C69FE7008F6B32 /* Privacidad */,
				A2BCBCB222C17DB30000BBD0 /* Bonificaciones-Historico */,
				A2BCBCB122C17D4C0000BBD0 /* Notificaciones */,
				A2BCBCB022C17D270000BBD0 /* Contacto */,
				A2BCBCAF22C17D000000BBD0 /* Tutorial */,
				A2BCBCAE22C17CE90000BBD0 /* Ayuda */,
				A2BCBCAD22C17B440000BBD0 /* CuentasRetiro */,
				A2BCBCAC22C17B1C0000BBD0 /* Perfil */,
				A2BCBCAB22C17AEC0000BBD0 /* Menu */,
				A2BCBCAA22C17A730000BBD0 /* Registro */,
				A2BCBCA922C179CF0000BBD0 /* Productos */,
				A2BCBCA822C178D10000BBD0 /* OCR */,
				A2BCBCA722C177410000BBD0 /* Principal */,
				A2BCBCA622C177290000BBD0 /* Login */,
				A2BA0663229DA4A9009A2213 /* BannerTableViewCell.swift */,
				A26E620E229F17C300F0CA76 /* TutorialPageViewController.swift */,
				A2F7E0B622B1980C00A96AB1 /* SideMenuViewController.swift */,
			);
			path = ViewControllers;
			sourceTree = "<group>";
		};
		A286B97E22C69FE7008F6B32 /* Privacidad */ = {
			isa = PBXGroup;
			children = (
				A286B97F22C6A018008F6B32 /* PrivacidadViewController.swift */,
			);
			path = Privacidad;
			sourceTree = "<group>";
		};
		A286B98122C6A1C0008F6B32 /* Terminos */ = {
			isa = PBXGroup;
			children = (
				A286B98222C6A1DC008F6B32 /* TerminosViewController.swift */,
			);
			path = Terminos;
			sourceTree = "<group>";
		};
		A297376A226637640071BE3E /* Model */ = {
			isa = PBXGroup;
			children = (
				A25C63E422B809890040DEA6 /* SimpleResponse.swift */,
				A297376B226638830071BE3E /* Usuario.swift */,
				A2A331B822837FAC000CDA4A /* Producto.swift */,
				A25C63DA22B7E88D0040DEA6 /* Marca.swift */,
				A25C63DC22B7E8990040DEA6 /* TipoProducto.swift */,
				A25C63DE22B7F71F0040DEA6 /* CatalogoMediosBonificacion.swift */,
				A25C63E022B7F8090040DEA6 /* MediosBonificacion.swift */,
				A25C63E222B7FC730040DEA6 /* Ticket.swift */,
				A294A31D22D67FFE00C3B55C /* OCRRequest.swift */,
				A265418D22B92CAA0042C382 /* CatalogoTiendas.swift */,
				A265418F22B953290042C382 /* CatalogoDepartamentos.swift */,
				A2FDF37F22BBF30F0060577B /* Model.swift */,
				A2FDF38122BC1FA30060577B /* InformacionUsuario.swift */,
				A25B26AF22C290DA006AEB7B /* Bonificacion.swift */,
				A282596622C867C7009122DB /* Sexo.swift */,
				A294A31F22D680A100C3B55C /* OCRResponse.swift */,
				A2962A4622DBAB4E00FF85CF /* Notificacion.swift */,
				A226797722E3B05D00E1B726 /* TipoBancaria.swift */,
			);
			path = Model;
			sourceTree = "<group>";
		};
		A2BCBCA622C177290000BBD0 /* Login */ = {
			isa = PBXGroup;
			children = (
				A267D7C0222DDC8C00153CB8 /* LogInViewController.swift */,
				A2DC770B22CA553B00006C63 /* RecuperarPasswordTableViewController.swift */,
			);
			path = Login;
			sourceTree = "<group>";
		};
		A2BCBCA722C177410000BBD0 /* Principal */ = {
			isa = PBXGroup;
			children = (
				A27824F622A71C9F00A2885E /* PrincipalViewController.swift */,
				A2FDF38522BC49960060577B /* HeaderPrincipal.xib */,
				A2FDF38722BC50050060577B /* HeaderPrincipalView.swift */,
				A27824F822A7228900A2885E /* CategoriaTableViewCell.swift */,
				A26CBD0422A857E8002A5CD5 /* PopularTableViewCell.swift */,
				A26CBD0622A870C7002A5CD5 /* DeptoTableViewCell.swift */,
				A2ED3E1A22B0244400A12D3A /* TiendaTableViewCell.swift */,
				A2883FE722A81B0300E930DA /* BannerItemCollectionViewCell.swift */,
				A2883FE922A840A500E930DA /* PopularItemCollectionViewCell.swift */,
				A26CBD0822A8710E002A5CD5 /* DeptoItemCollectionViewCell.swift */,
				A2ED3E1C22B0258E00A12D3A /* TiendaItemCollectionViewCell.swift */,
				A282596422C843B1009122DB /* FotoTableViewCell.swift */,
			);
			path = Principal;
			sourceTree = "<group>";
		};
		A2BCBCA822C178D10000BBD0 /* OCR */ = {
			isa = PBXGroup;
			children = (
				A267D7C8222DDD4C00153CB8 /* OCRViewController.swift */,
				A2C1644E22A5CDA900D65B54 /* DatosTicketViewController.swift */,
				A2F7E0B422B17A8900A96AB1 /* ProcesaTicketViewController.swift */,
				A2F7E0AE22B168CE00A96AB1 /* InfoTicketTableViewCell.swift */,
				A234CC5822A6C7BC00BCBC7A /* ProductoTicketTableViewCell.swift */,
				A2F7E0B222B16B1900A96AB1 /* TotalTicketTableViewCell.swift */,
				A2962A4022DB9C2B00FF85CF /* HeaderProductosTicket.xib */,
				A241C8E822DD23B6008B342C /* CustomCameraViewController.swift */,
				A2C52A8222E8B93300A01AB6 /* BarCodeViewController.swift */,
				A29C59C922F38CC7006A1F2D /* ErrorTicketViewController.swift */,
				A20A118E22FC7D8B00CDA2A2 /* TicketDuplicadoViewController.swift */,
			);
			path = OCR;
			sourceTree = "<group>";
		};
		A2BCBCA922C179CF0000BBD0 /* Productos */ = {
			isa = PBXGroup;
			children = (
				A267D7C2222DDCA800153CB8 /* ProductosTableViewController.swift */,
				A267D7C4222DDCF200153CB8 /* ProductoDetalleViewController.swift */,
				A256FF7A22A9B30C00B977ED /* ProductoTableViewCell.swift */,
				A2CB392E22C427380031EBAF /* HeaderProductos.xib */,
				A2CB393022C42AB20031EBAF /* HeaderProductosView.swift */,
			);
			path = Productos;
			sourceTree = "<group>";
		};
		A2BCBCAA22C17A730000BBD0 /* Registro */ = {
			isa = PBXGroup;
			children = (
				A24BF9692259353F002DF555 /* UsuarioViewController.swift */,
				A286B98622C6B2FE008F6B32 /* ActivacionTableViewController.swift */,
				A23E72A6230DAB3000CB2635 /* VerificacionViewController.swift */,
			);
			path = Registro;
			sourceTree = "<group>";
		};
		A2BCBCAB22C17AEC0000BBD0 /* Menu */ = {
			isa = PBXGroup;
			children = (
				A2BCBCA422C16C310000BBD0 /* MenuViewController.swift */,
			);
			path = Menu;
			sourceTree = "<group>";
		};
		A2BCBCAC22C17B1C0000BBD0 /* Perfil */ = {
			isa = PBXGroup;
			children = (
				A2F77AD522B52F0F000AC45A /* PerfilTableViewController.swift */,
			);
			path = Perfil;
			sourceTree = "<group>";
		};
		A2BCBCAD22C17B440000BBD0 /* CuentasRetiro */ = {
			isa = PBXGroup;
			children = (
				A2FDF37D22BBDCA70060577B /* CompaniaTelefonicaTableViewController.swift */,
				A234CC5A22A6D76F00BCBC7A /* MediosBonificacionTableViewController.swift */,
				A223095622B9E6BC00DEA6EA /* MediosPagoView.xib */,
				A223095822B9EBA200DEA6EA /* MediosPagoView.swift */,
				A234CC5C22A6DD8C00BCBC7A /* BancoTableViewCell.swift */,
				A234CC5E22A6DDB800BCBC7A /* PayPalTableViewCell.swift */,
				A234CC6022A6DDCA00BCBC7A /* RecargaTableViewCell.swift */,
				A271296522B2A65C0099CB0B /* MediosBonificacionDetailViewController.swift */,
				A271296722B2AE5B0099CB0B /* BancoDetailTableViewCell.swift */,
				A271296B22B2AEC40099CB0B /* RecargaDetailTableViewCell.swift */,
				A271296922B2AEB70099CB0B /* PayPalDetailTableViewCell.swift */,
			);
			path = CuentasRetiro;
			sourceTree = "<group>";
		};
		A2BCBCAE22C17CE90000BBD0 /* Ayuda */ = {
			isa = PBXGroup;
			children = (
				A23D5AE222A45529008B4433 /* PreguntaTableViewCell.swift */,
				A27F3FFE22A426DE0026A4F3 /* AyudaViewControlller.swift */,
				A225C57022DA859300529591 /* PreguntasHeader.xib */,
			);
			path = Ayuda;
			sourceTree = "<group>";
		};
		A2BCBCAF22C17D000000BBD0 /* Tutorial */ = {
			isa = PBXGroup;
			children = (
				A26E6210229F2C2A00F0CA76 /* TutorialViewController.swift */,
				A20B145D22A036B300667D39 /* Page1.xib */,
				A20B145F22A0441600667D39 /* Page2.xib */,
			);
			path = Tutorial;
			sourceTree = "<group>";
		};
		A2BCBCB022C17D270000BBD0 /* Contacto */ = {
			isa = PBXGroup;
			children = (
				A256FF7C22A9C43F00B977ED /* ContactoViewController.swift */,
			);
			path = Contacto;
			sourceTree = "<group>";
		};
		A2BCBCB122C17D4C0000BBD0 /* Notificaciones */ = {
			isa = PBXGroup;
			children = (
				A26D47D822B700D70040AC0D /* NotificacionesTableViewController.swift */,
				A26D47DA22B701D90040AC0D /* NotificacionesTableViewCell.swift */,
				A2962A4222DBA51200FF85CF /* NotificacionHeader.xib */,
				A2962A4422DBA75000FF85CF /* NotificationHeaderView.swift */,
			);
			path = Notificaciones;
			sourceTree = "<group>";
		};
		A2BCBCB222C17DB30000BBD0 /* Bonificaciones-Historico */ = {
			isa = PBXGroup;
			children = (
				A23D5AE422A45C35008B4433 /* BonificacionViewController.swift */,
				A2F7104D22A57E2F00D9E2B0 /* HistoricoBonificacionTableViewCell.swift */,
				A2F7104F22A5916900D9E2B0 /* BonificacionTableViewCell.swift */,
				A25B26A922C282AD006AEB7B /* BancoBonificacionTableViewCell.swift */,
				A25B26AB22C28871006AEB7B /* PayPalBonificacionTableViewCell.swift */,
				A25B26AD22C28893006AEB7B /* RecargaBonificacionTableViewCell.swift */,
				A23EBA1822C40E4F009BDDB9 /* HistoricoTicketTableViewCell.swift */,
				A214F7D422CC002000314D78 /* HistoricoBonificacionHeaderCell.xib */,
				A2D83A5122CCF90D003DE37F /* PrincipalBonificacionTableViewCell.swift */,
				A26FB1C922CE7D3500003507 /* ConfirmacionBonificacionViewController.swift */,
				A2A8DA37230DEC4000A0942C /* TicketNotFound.xib */,
				A2A8DA39230DED5800A0942C /* TicketNotFoundTableViewCell.swift */,
				A2A8DA3B230DFC6F00A0942C /* HistoricoNotFoundTableViewCell.swift */,
				A2A8DA3D230DFC8800A0942C /* HistoricoNotFound.xib */,
				A2096DFD230F43AD004DCE65 /* SolicitarBonificacionTableViewController.swift */,
			);
			path = "Bonificaciones-Historico";
			sourceTree = "<group>";
		};
		A2F0AA6922AEB3FA0069A84A /* Fonts */ = {
			isa = PBXGroup;
			children = (
				A2F0AA6D22AEB41E0069A84A /* Nunito-Black.ttf */,
				A2F0AA7022AEB41F0069A84A /* Nunito-BlackItalic.ttf */,
				A2F0AA7122AEB41F0069A84A /* Nunito-Bold.ttf */,
				A2F0AA7522AEB41F0069A84A /* Nunito-BoldItalic.ttf */,
				A2F0AA6F22AEB41F0069A84A /* Nunito-ExtraBold.ttf */,
				A2F0AA7422AEB41F0069A84A /* Nunito-ExtraBoldItalic.ttf */,
				A2F0AA6B22AEB41E0069A84A /* Nunito-ExtraLight.ttf */,
				A2F0AA6C22AEB41E0069A84A /* Nunito-ExtraLightItalic.ttf */,
				A2F0AA7622AEB41F0069A84A /* Nunito-Italic.ttf */,
				A2F0AA6A22AEB41E0069A84A /* Nunito-Light.ttf */,
				A2F0AA7322AEB41F0069A84A /* Nunito-LightItalic.ttf */,
				A2F0AA6E22AEB41E0069A84A /* Nunito-Regular.ttf */,
				A2F0AA7722AEB41F0069A84A /* Nunito-SemiBold.ttf */,
				A2F0AA7222AEB41F0069A84A /* Nunito-SemiBoldItalic.ttf */,
			);
			path = Fonts;
			sourceTree = "<group>";
		};
		CA9D7EA10A55263B6E63B53D /* Pods */ = {
			isa = PBXGroup;
			children = (
				99F5F9623ABDCCFE767D9EBE /* Pods-ShinShin.debug.xcconfig */,
				BC0561385F24CF95853B7D3C /* Pods-ShinShin.release.xcconfig */,
				576DA65E3233183B0B23AAEA /* Pods-ShinShinTests.debug.xcconfig */,
				C5F085A37EA6DA237FBFD7B9 /* Pods-ShinShinTests.release.xcconfig */,
				F9C34F90E15A17310FAB1E0F /* Pods-ShinShinUITests.debug.xcconfig */,
				37374FB6E3C716FF0540A83B /* Pods-ShinShinUITests.release.xcconfig */,
			);
			path = Pods;
			sourceTree = "<group>";
		};
		DF5C60AC8B2C4F48D135E359 /* Frameworks */ = {
			isa = PBXGroup;
			children = (
				CB5E4CF4660742E07CAD85B4 /* Pods_ShinShin.framework */,
				E5D912D7BD4F7EABE2267F1E /* Pods_ShinShinTests.framework */,
				02C99941306ABD9123AD2346 /* Pods_ShinShinUITests.framework */,
			);
			name = Frameworks;
			sourceTree = "<group>";
		};
/* End PBXGroup section */

/* Begin PBXNativeTarget section */
		A267D78A222DD7AE00153CB8 /* ShinShin */ = {
			isa = PBXNativeTarget;
			buildConfigurationList = A267D7B6222DD7B800153CB8 /* Build configuration list for PBXNativeTarget "ShinShin" */;
			buildPhases = (
				9F05D1C66DEA712E1A1ED18D /* [CP] Check Pods Manifest.lock */,
				A267D787222DD7AE00153CB8 /* Sources */,
				A267D788222DD7AE00153CB8 /* Frameworks */,
				A267D789222DD7AE00153CB8 /* Resources */,
				A56DF80820ABB82375D852A3 /* [CP] Embed Pods Frameworks */,
				0D3231269673AF9A8F548BEF /* [CP] Copy Pods Resources */,
			);
			buildRules = (
			);
			dependencies = (
			);
			name = ShinShin;
			productName = ShinShin;
			productReference = A267D78B222DD7AE00153CB8 /* ShinShin.app */;
			productType = "com.apple.product-type.application";
		};
		A267D7A1222DD7B800153CB8 /* ShinShinTests */ = {
			isa = PBXNativeTarget;
			buildConfigurationList = A267D7B9222DD7B800153CB8 /* Build configuration list for PBXNativeTarget "ShinShinTests" */;
			buildPhases = (
				CDEB0B21FE75486C91282423 /* [CP] Check Pods Manifest.lock */,
				A267D79E222DD7B800153CB8 /* Sources */,
				A267D79F222DD7B800153CB8 /* Frameworks */,
				A267D7A0222DD7B800153CB8 /* Resources */,
			);
			buildRules = (
			);
			dependencies = (
				A267D7A4222DD7B800153CB8 /* PBXTargetDependency */,
			);
			name = ShinShinTests;
			productName = ShinShinTests;
			productReference = A267D7A2222DD7B800153CB8 /* ShinShinTests.xctest */;
			productType = "com.apple.product-type.bundle.unit-test";
		};
		A267D7AC222DD7B800153CB8 /* ShinShinUITests */ = {
			isa = PBXNativeTarget;
			buildConfigurationList = A267D7BC222DD7B800153CB8 /* Build configuration list for PBXNativeTarget "ShinShinUITests" */;
			buildPhases = (
				A571DCE5ACA06EF21DB27AB4 /* [CP] Check Pods Manifest.lock */,
				A267D7A9222DD7B800153CB8 /* Sources */,
				A267D7AA222DD7B800153CB8 /* Frameworks */,
				A267D7AB222DD7B800153CB8 /* Resources */,
			);
			buildRules = (
			);
			dependencies = (
				A267D7AF222DD7B800153CB8 /* PBXTargetDependency */,
			);
			name = ShinShinUITests;
			productName = ShinShinUITests;
			productReference = A267D7AD222DD7B800153CB8 /* ShinShinUITests.xctest */;
			productType = "com.apple.product-type.bundle.ui-testing";
		};
/* End PBXNativeTarget section */

/* Begin PBXProject section */
		A267D783222DD7AE00153CB8 /* Project object */ = {
			isa = PBXProject;
			attributes = {
				LastSwiftUpdateCheck = 1010;
				LastUpgradeCheck = 1010;
				ORGANIZATIONNAME = "Juan Osorio Alvarez";
				TargetAttributes = {
					A267D78A222DD7AE00153CB8 = {
						CreatedOnToolsVersion = 10.1;
						LastSwiftMigration = 1020;
						SystemCapabilities = {
							com.apple.Push = {
								enabled = 1;
							};
						};
					};
					A267D7A1222DD7B800153CB8 = {
						CreatedOnToolsVersion = 10.1;
						LastSwiftMigration = 1020;
						TestTargetID = A267D78A222DD7AE00153CB8;
					};
					A267D7AC222DD7B800153CB8 = {
						CreatedOnToolsVersion = 10.1;
						LastSwiftMigration = 1020;
						TestTargetID = A267D78A222DD7AE00153CB8;
					};
				};
			};
			buildConfigurationList = A267D786222DD7AE00153CB8 /* Build configuration list for PBXProject "ShinShin" */;
			compatibilityVersion = "Xcode 9.3";
			developmentRegion = en;
			hasScannedForEncodings = 0;
			knownRegions = (
				en,
				Base,
			);
			mainGroup = A267D782222DD7AE00153CB8;
			productRefGroup = A267D78C222DD7AE00153CB8 /* Products */;
			projectDirPath = "";
			projectRoot = "";
			targets = (
				A267D78A222DD7AE00153CB8 /* ShinShin */,
				A267D7A1222DD7B800153CB8 /* ShinShinTests */,
				A267D7AC222DD7B800153CB8 /* ShinShinUITests */,
			);
		};
/* End PBXProject section */

/* Begin PBXResourcesBuildPhase section */
		A267D789222DD7AE00153CB8 /* Resources */ = {
			isa = PBXResourcesBuildPhase;
			buildActionMask = 2147483647;
			files = (
				A2F0AA7F22AEB4200069A84A /* Nunito-Bold.ttf in Resources */,
				A2F0AA7E22AEB4200069A84A /* Nunito-BlackItalic.ttf in Resources */,
				A2FDF38622BC49960060577B /* HeaderPrincipal.xib in Resources */,
				A2F0AA7C22AEB4200069A84A /* Nunito-Regular.ttf in Resources */,
				A2A8DA38230DEC4000A0942C /* TicketNotFound.xib in Resources */,
				A2F0AA8222AEB4200069A84A /* Nunito-ExtraBoldItalic.ttf in Resources */,
				A2A8DA3E230DFC8800A0942C /* HistoricoNotFound.xib in Resources */,
				A2F0AA8522AEB4200069A84A /* Nunito-SemiBold.ttf in Resources */,
				A2F0AA8022AEB4200069A84A /* Nunito-SemiBoldItalic.ttf in Resources */,
				A214F7D522CC002000314D78 /* HistoricoBonificacionHeaderCell.xib in Resources */,
				A2962A4322DBA51200FF85CF /* NotificacionHeader.xib in Resources */,
				A267D79C222DD7B800153CB8 /* LaunchScreen.storyboard in Resources */,
				A2F0AA7B22AEB4200069A84A /* Nunito-Black.ttf in Resources */,
				A2F0AA7D22AEB4200069A84A /* Nunito-ExtraBold.ttf in Resources */,
				A2F0AA7A22AEB4200069A84A /* Nunito-ExtraLightItalic.ttf in Resources */,
				A2C38F9E22DCFAAE00C9E958 /* GoogleService-Info.plist in Resources */,
				A2CB392F22C427380031EBAF /* HeaderProductos.xib in Resources */,
				A2F0AA7822AEB4200069A84A /* Nunito-Light.ttf in Resources */,
				A2F0AA8122AEB4200069A84A /* Nunito-LightItalic.ttf in Resources */,
				A2F0AA8322AEB4200069A84A /* Nunito-BoldItalic.ttf in Resources */,
				A267D799222DD7B800153CB8 /* Assets.xcassets in Resources */,
				A225C57122DA859300529591 /* PreguntasHeader.xib in Resources */,
				A20B146022A0441600667D39 /* Page2.xib in Resources */,
				A223095722B9E6BC00DEA6EA /* MediosPagoView.xib in Resources */,
				A267D794222DD7AF00153CB8 /* Main.storyboard in Resources */,
				A2962A4122DB9C2B00FF85CF /* HeaderProductosTicket.xib in Resources */,
				A20B145E22A036B300667D39 /* Page1.xib in Resources */,
				A2F0AA7922AEB4200069A84A /* Nunito-ExtraLight.ttf in Resources */,
				A2F0AA8422AEB4200069A84A /* Nunito-Italic.ttf in Resources */,
			);
			runOnlyForDeploymentPostprocessing = 0;
		};
		A267D7A0222DD7B800153CB8 /* Resources */ = {
			isa = PBXResourcesBuildPhase;
			buildActionMask = 2147483647;
			files = (
			);
			runOnlyForDeploymentPostprocessing = 0;
		};
		A267D7AB222DD7B800153CB8 /* Resources */ = {
			isa = PBXResourcesBuildPhase;
			buildActionMask = 2147483647;
			files = (
			);
			runOnlyForDeploymentPostprocessing = 0;
		};
/* End PBXResourcesBuildPhase section */

/* Begin PBXShellScriptBuildPhase section */
		0D3231269673AF9A8F548BEF /* [CP] Copy Pods Resources */ = {
			isa = PBXShellScriptBuildPhase;
			buildActionMask = 2147483647;
			files = (
			);
			inputFileListPaths = (
				"${PODS_ROOT}/Target Support Files/Pods-ShinShin/Pods-ShinShin-resources-${CONFIGURATION}-input-files.xcfilelist",
			);
			name = "[CP] Copy Pods Resources";
			outputFileListPaths = (
				"${PODS_ROOT}/Target Support Files/Pods-ShinShin/Pods-ShinShin-resources-${CONFIGURATION}-output-files.xcfilelist",
			);
			runOnlyForDeploymentPostprocessing = 0;
			shellPath = /bin/sh;
			shellScript = "\"${PODS_ROOT}/Target Support Files/Pods-ShinShin/Pods-ShinShin-resources.sh\"\n";
			showEnvVarsInLog = 0;
		};
		9F05D1C66DEA712E1A1ED18D /* [CP] Check Pods Manifest.lock */ = {
			isa = PBXShellScriptBuildPhase;
			buildActionMask = 2147483647;
			files = (
			);
			inputFileListPaths = (
			);
			inputPaths = (
				"${PODS_PODFILE_DIR_PATH}/Podfile.lock",
				"${PODS_ROOT}/Manifest.lock",
			);
			name = "[CP] Check Pods Manifest.lock";
			outputFileListPaths = (
			);
			outputPaths = (
				"$(DERIVED_FILE_DIR)/Pods-ShinShin-checkManifestLockResult.txt",
			);
			runOnlyForDeploymentPostprocessing = 0;
			shellPath = /bin/sh;
			shellScript = "diff \"${PODS_PODFILE_DIR_PATH}/Podfile.lock\" \"${PODS_ROOT}/Manifest.lock\" > /dev/null\nif [ $? != 0 ] ; then\n    # print error to STDERR\n    echo \"error: The sandbox is not in sync with the Podfile.lock. Run 'pod install' or update your CocoaPods installation.\" >&2\n    exit 1\nfi\n# This output is used by Xcode 'outputs' to avoid re-running this script phase.\necho \"SUCCESS\" > \"${SCRIPT_OUTPUT_FILE_0}\"\n";
			showEnvVarsInLog = 0;
		};
		A56DF80820ABB82375D852A3 /* [CP] Embed Pods Frameworks */ = {
			isa = PBXShellScriptBuildPhase;
			buildActionMask = 2147483647;
			files = (
			);
			inputFileListPaths = (
				"${PODS_ROOT}/Target Support Files/Pods-ShinShin/Pods-ShinShin-frameworks-${CONFIGURATION}-input-files.xcfilelist",
			);
			name = "[CP] Embed Pods Frameworks";
			outputFileListPaths = (
				"${PODS_ROOT}/Target Support Files/Pods-ShinShin/Pods-ShinShin-frameworks-${CONFIGURATION}-output-files.xcfilelist",
			);
			runOnlyForDeploymentPostprocessing = 0;
			shellPath = /bin/sh;
			shellScript = "\"${PODS_ROOT}/Target Support Files/Pods-ShinShin/Pods-ShinShin-frameworks.sh\"\n";
			showEnvVarsInLog = 0;
		};
		A571DCE5ACA06EF21DB27AB4 /* [CP] Check Pods Manifest.lock */ = {
			isa = PBXShellScriptBuildPhase;
			buildActionMask = 2147483647;
			files = (
			);
			inputFileListPaths = (
			);
			inputPaths = (
				"${PODS_PODFILE_DIR_PATH}/Podfile.lock",
				"${PODS_ROOT}/Manifest.lock",
			);
			name = "[CP] Check Pods Manifest.lock";
			outputFileListPaths = (
			);
			outputPaths = (
				"$(DERIVED_FILE_DIR)/Pods-ShinShinUITests-checkManifestLockResult.txt",
			);
			runOnlyForDeploymentPostprocessing = 0;
			shellPath = /bin/sh;
			shellScript = "diff \"${PODS_PODFILE_DIR_PATH}/Podfile.lock\" \"${PODS_ROOT}/Manifest.lock\" > /dev/null\nif [ $? != 0 ] ; then\n    # print error to STDERR\n    echo \"error: The sandbox is not in sync with the Podfile.lock. Run 'pod install' or update your CocoaPods installation.\" >&2\n    exit 1\nfi\n# This output is used by Xcode 'outputs' to avoid re-running this script phase.\necho \"SUCCESS\" > \"${SCRIPT_OUTPUT_FILE_0}\"\n";
			showEnvVarsInLog = 0;
		};
		CDEB0B21FE75486C91282423 /* [CP] Check Pods Manifest.lock */ = {
			isa = PBXShellScriptBuildPhase;
			buildActionMask = 2147483647;
			files = (
			);
			inputFileListPaths = (
			);
			inputPaths = (
				"${PODS_PODFILE_DIR_PATH}/Podfile.lock",
				"${PODS_ROOT}/Manifest.lock",
			);
			name = "[CP] Check Pods Manifest.lock";
			outputFileListPaths = (
			);
			outputPaths = (
				"$(DERIVED_FILE_DIR)/Pods-ShinShinTests-checkManifestLockResult.txt",
			);
			runOnlyForDeploymentPostprocessing = 0;
			shellPath = /bin/sh;
			shellScript = "diff \"${PODS_PODFILE_DIR_PATH}/Podfile.lock\" \"${PODS_ROOT}/Manifest.lock\" > /dev/null\nif [ $? != 0 ] ; then\n    # print error to STDERR\n    echo \"error: The sandbox is not in sync with the Podfile.lock. Run 'pod install' or update your CocoaPods installation.\" >&2\n    exit 1\nfi\n# This output is used by Xcode 'outputs' to avoid re-running this script phase.\necho \"SUCCESS\" > \"${SCRIPT_OUTPUT_FILE_0}\"\n";
			showEnvVarsInLog = 0;
		};
/* End PBXShellScriptBuildPhase section */

/* Begin PBXSourcesBuildPhase section */
		A267D787222DD7AE00153CB8 /* Sources */ = {
			isa = PBXSourcesBuildPhase;
			buildActionMask = 2147483647;
			files = (
				A2F7104E22A57E2F00D9E2B0 /* HistoricoBonificacionTableViewCell.swift in Sources */,
				A234CC6122A6DDCA00BCBC7A /* RecargaTableViewCell.swift in Sources */,
				A286B98022C6A018008F6B32 /* PrivacidadViewController.swift in Sources */,
				A2FDF38022BBF30F0060577B /* Model.swift in Sources */,
				A2A8DA3C230DFC6F00A0942C /* HistoricoNotFoundTableViewCell.swift in Sources */,
				A234CC5D22A6DD8C00BCBC7A /* BancoTableViewCell.swift in Sources */,
				A2F77AD622B52F10000AC45A /* PerfilTableViewController.swift in Sources */,
				A271296822B2AE5B0099CB0B /* BancoDetailTableViewCell.swift in Sources */,
				A2F7E0AF22B168CE00A96AB1 /* InfoTicketTableViewCell.swift in Sources */,
				A2CB393122C42AB20031EBAF /* HeaderProductosView.swift in Sources */,
				A2F7E0B522B17A8900A96AB1 /* ProcesaTicketViewController.swift in Sources */,
				A234CC5922A6C7BC00BCBC7A /* ProductoTicketTableViewCell.swift in Sources */,
				A25B26B022C290DA006AEB7B /* Bonificacion.swift in Sources */,
				A267D7C5222DDCF200153CB8 /* ProductoDetalleViewController.swift in Sources */,
				A256FF7D22A9C43F00B977ED /* ContactoViewController.swift in Sources */,
				A241C8E922DD23B6008B342C /* CustomCameraViewController.swift in Sources */,
				A2883FEA22A840A500E930DA /* PopularItemCollectionViewCell.swift in Sources */,
				A2A8DA3A230DED5800A0942C /* TicketNotFoundTableViewCell.swift in Sources */,
				A223095922B9EBA200DEA6EA /* MediosPagoView.swift in Sources */,
				A26CBD0722A870C7002A5CD5 /* DeptoTableViewCell.swift in Sources */,
				A2FDF38222BC1FA30060577B /* InformacionUsuario.swift in Sources */,
				A25C63DF22B7F71F0040DEA6 /* CatalogoMediosBonificacion.swift in Sources */,
				A27824F922A7228900A2885E /* CategoriaTableViewCell.swift in Sources */,
				A2C1644F22A5CDA900D65B54 /* DatosTicketViewController.swift in Sources */,
				A2BA0666229DCF14009A2213 /* UITextField+image.swift in Sources */,
				A2F7E0B322B16B1A00A96AB1 /* TotalTicketTableViewCell.swift in Sources */,
				A282596522C843B1009122DB /* FotoTableViewCell.swift in Sources */,
				A286B98322C6A1DC008F6B32 /* TerminosViewController.swift in Sources */,
				A2DC770E22CA5F9000006C63 /* TicketOCRAnalyzer.swift in Sources */,
				A23EBA1922C40E4F009BDDB9 /* HistoricoTicketTableViewCell.swift in Sources */,
				A20A118F22FC7D8B00CDA2A2 /* TicketDuplicadoViewController.swift in Sources */,
				A267D7C1222DDC8C00153CB8 /* LogInViewController.swift in Sources */,
				A23D5AE322A45529008B4433 /* PreguntaTableViewCell.swift in Sources */,
				A271296A22B2AEB70099CB0B /* PayPalDetailTableViewCell.swift in Sources */,
				A2ED3E1D22B0258E00A12D3A /* TiendaItemCollectionViewCell.swift in Sources */,
				A271296C22B2AEC40099CB0B /* RecargaDetailTableViewCell.swift in Sources */,
				A25C63E322B7FC730040DEA6 /* Ticket.swift in Sources */,
				A265419022B953290042C382 /* CatalogoDepartamentos.swift in Sources */,
				A2962A4522DBA75000FF85CF /* NotificationHeaderView.swift in Sources */,
				A234CC5B22A6D76F00BCBC7A /* MediosBonificacionTableViewController.swift in Sources */,
				A26A0C7022BD58EF00AF5E2D /* UIImageView+DownloadImage.swift in Sources */,
				A26CBD0522A857E8002A5CD5 /* PopularTableViewCell.swift in Sources */,
				A2096DFE230F43AD004DCE65 /* SolicitarBonificacionTableViewController.swift in Sources */,
				A2883FE822A81B0300E930DA /* BannerItemCollectionViewCell.swift in Sources */,
				A267D78F222DD7AF00153CB8 /* AppDelegate.swift in Sources */,
				A23E72A7230DAB3000CB2635 /* VerificacionViewController.swift in Sources */,
				A25B26AA22C282AD006AEB7B /* BancoBonificacionTableViewCell.swift in Sources */,
				A2ED3E1B22B0244400A12D3A /* TiendaTableViewCell.swift in Sources */,
				A294A32022D680A100C3B55C /* OCRResponse.swift in Sources */,
				A254723322D25A020014AE64 /* MLKitExtensions.swift in Sources */,
				A25C63E122B7F8090040DEA6 /* MediosBonificacion.swift in Sources */,
				A267D7C9222DDD4C00153CB8 /* OCRViewController.swift in Sources */,
				A2F9D52C22A1A5E0004DE61A /* UIPreferences.swift in Sources */,
				A2BCBCA522C16C310000BBD0 /* MenuViewController.swift in Sources */,
				A25C63E522B809890040DEA6 /* SimpleResponse.swift in Sources */,
				A23D5AE522A45C35008B4433 /* BonificacionViewController.swift in Sources */,
				A2962A4722DBAB4E00FF85CF /* Notificacion.swift in Sources */,
				A234CC5F22A6DDB800BCBC7A /* PayPalTableViewCell.swift in Sources */,
				A286B98722C6B2FE008F6B32 /* ActivacionTableViewController.swift in Sources */,
				A2DC770C22CA553B00006C63 /* RecuperarPasswordTableViewController.swift in Sources */,
				A20BA6832264E5960030572F /* RESTHandler.swift in Sources */,
				A27F3FFF22A426DE0026A4F3 /* AyudaViewControlller.swift in Sources */,
				A2FDF37E22BBDCA70060577B /* CompaniaTelefonicaTableViewController.swift in Sources */,
				A24BF96A2259353F002DF555 /* UsuarioViewController.swift in Sources */,
				A254723122D255710014AE64 /* UIUtilities.swift in Sources */,
				A282596722C867C7009122DB /* Sexo.swift in Sources */,
				A2C52A8322E8B93300A01AB6 /* BarCodeViewController.swift in Sources */,
				A297376C226638830071BE3E /* Usuario.swift in Sources */,
				A294A31E22D67FFE00C3B55C /* OCRRequest.swift in Sources */,
				A25C63DB22B7E88D0040DEA6 /* Marca.swift in Sources */,
				A26D47D922B700D70040AC0D /* NotificacionesTableViewController.swift in Sources */,
				A267D7C3222DDCA800153CB8 /* ProductosTableViewController.swift in Sources */,
				A26CBD0922A8710E002A5CD5 /* DeptoItemCollectionViewCell.swift in Sources */,
				A2D83A5222CCF90D003DE37F /* PrincipalBonificacionTableViewCell.swift in Sources */,
				A29C59CA22F38CC7006A1F2D /* ErrorTicketViewController.swift in Sources */,
				A26FB1CA22CE7D3500003507 /* ConfirmacionBonificacionViewController.swift in Sources */,
				A26E6211229F2C2A00F0CA76 /* TutorialViewController.swift in Sources */,
				A26D47DB22B701D90040AC0D /* NotificacionesTableViewCell.swift in Sources */,
				A25C63DD22B7E8990040DEA6 /* TipoProducto.swift in Sources */,
				A2FDF38822BC50050060577B /* HeaderPrincipalView.swift in Sources */,
				A2BA0664229DA4A9009A2213 /* BannerTableViewCell.swift in Sources */,
				A256FF7B22A9B30D00B977ED /* ProductoTableViewCell.swift in Sources */,
				A2F7105022A5916900D9E2B0 /* BonificacionTableViewCell.swift in Sources */,
				A226797822E3B05D00E1B726 /* TipoBancaria.swift in Sources */,
				A26E620F229F17C300F0CA76 /* TutorialPageViewController.swift in Sources */,
				A271296622B2A65C0099CB0B /* MediosBonificacionDetailViewController.swift in Sources */,
				A2A331B922837FAD000CDA4A /* Producto.swift in Sources */,
				A265418E22B92CAA0042C382 /* CatalogoTiendas.swift in Sources */,
				A2F7E0B722B1980C00A96AB1 /* SideMenuViewController.swift in Sources */,
				A26C71F1226A448E00FD9794 /* Validations.swift in Sources */,
				A27824F722A71C9F00A2885E /* PrincipalViewController.swift in Sources */,
				A25B26AC22C28871006AEB7B /* PayPalBonificacionTableViewCell.swift in Sources */,
				A267D797222DD7AF00153CB8 /* ShinShin.xcdatamodeld in Sources */,
				A25B26AE22C28893006AEB7B /* RecargaBonificacionTableViewCell.swift in Sources */,
			);
			runOnlyForDeploymentPostprocessing = 0;
		};
		A267D79E222DD7B800153CB8 /* Sources */ = {
			isa = PBXSourcesBuildPhase;
			buildActionMask = 2147483647;
			files = (
				A267D7A7222DD7B800153CB8 /* ShinShinTests.swift in Sources */,
			);
			runOnlyForDeploymentPostprocessing = 0;
		};
		A267D7A9222DD7B800153CB8 /* Sources */ = {
			isa = PBXSourcesBuildPhase;
			buildActionMask = 2147483647;
			files = (
				A267D7B2222DD7B800153CB8 /* ShinShinUITests.swift in Sources */,
			);
			runOnlyForDeploymentPostprocessing = 0;
		};
/* End PBXSourcesBuildPhase section */

/* Begin PBXTargetDependency section */
		A267D7A4222DD7B800153CB8 /* PBXTargetDependency */ = {
			isa = PBXTargetDependency;
			target = A267D78A222DD7AE00153CB8 /* ShinShin */;
			targetProxy = A267D7A3222DD7B800153CB8 /* PBXContainerItemProxy */;
		};
		A267D7AF222DD7B800153CB8 /* PBXTargetDependency */ = {
			isa = PBXTargetDependency;
			target = A267D78A222DD7AE00153CB8 /* ShinShin */;
			targetProxy = A267D7AE222DD7B800153CB8 /* PBXContainerItemProxy */;
		};
/* End PBXTargetDependency section */

/* Begin PBXVariantGroup section */
		A267D792222DD7AF00153CB8 /* Main.storyboard */ = {
			isa = PBXVariantGroup;
			children = (
				A267D793222DD7AF00153CB8 /* Base */,
			);
			name = Main.storyboard;
			sourceTree = "<group>";
		};
		A267D79A222DD7B800153CB8 /* LaunchScreen.storyboard */ = {
			isa = PBXVariantGroup;
			children = (
				A267D79B222DD7B800153CB8 /* Base */,
			);
			name = LaunchScreen.storyboard;
			sourceTree = "<group>";
		};
/* End PBXVariantGroup section */

/* Begin XCBuildConfiguration section */
		A267D7B4222DD7B800153CB8 /* Debug */ = {
			isa = XCBuildConfiguration;
			buildSettings = {
				ALWAYS_SEARCH_USER_PATHS = NO;
				CLANG_ANALYZER_NONNULL = YES;
				CLANG_ANALYZER_NUMBER_OBJECT_CONVERSION = YES_AGGRESSIVE;
				CLANG_CXX_LANGUAGE_STANDARD = "gnu++14";
				CLANG_CXX_LIBRARY = "libc++";
				CLANG_ENABLE_MODULES = YES;
				CLANG_ENABLE_OBJC_ARC = YES;
				CLANG_ENABLE_OBJC_WEAK = YES;
				CLANG_WARN_BLOCK_CAPTURE_AUTORELEASING = YES;
				CLANG_WARN_BOOL_CONVERSION = YES;
				CLANG_WARN_COMMA = YES;
				CLANG_WARN_CONSTANT_CONVERSION = YES;
				CLANG_WARN_DEPRECATED_OBJC_IMPLEMENTATIONS = YES;
				CLANG_WARN_DIRECT_OBJC_ISA_USAGE = YES_ERROR;
				CLANG_WARN_DOCUMENTATION_COMMENTS = YES;
				CLANG_WARN_EMPTY_BODY = YES;
				CLANG_WARN_ENUM_CONVERSION = YES;
				CLANG_WARN_INFINITE_RECURSION = YES;
				CLANG_WARN_INT_CONVERSION = YES;
				CLANG_WARN_NON_LITERAL_NULL_CONVERSION = YES;
				CLANG_WARN_OBJC_IMPLICIT_RETAIN_SELF = YES;
				CLANG_WARN_OBJC_LITERAL_CONVERSION = YES;
				CLANG_WARN_OBJC_ROOT_CLASS = YES_ERROR;
				CLANG_WARN_RANGE_LOOP_ANALYSIS = YES;
				CLANG_WARN_STRICT_PROTOTYPES = YES;
				CLANG_WARN_SUSPICIOUS_MOVE = YES;
				CLANG_WARN_UNGUARDED_AVAILABILITY = YES_AGGRESSIVE;
				CLANG_WARN_UNREACHABLE_CODE = YES;
				CLANG_WARN__DUPLICATE_METHOD_MATCH = YES;
				CODE_SIGN_IDENTITY = "iPhone Developer";
				COPY_PHASE_STRIP = NO;
				DEBUG_INFORMATION_FORMAT = dwarf;
				ENABLE_STRICT_OBJC_MSGSEND = YES;
				ENABLE_TESTABILITY = YES;
				GCC_C_LANGUAGE_STANDARD = gnu11;
				GCC_DYNAMIC_NO_PIC = NO;
				GCC_NO_COMMON_BLOCKS = YES;
				GCC_OPTIMIZATION_LEVEL = 0;
				GCC_PREPROCESSOR_DEFINITIONS = (
					"DEBUG=1",
					"$(inherited)",
				);
				GCC_WARN_64_TO_32_BIT_CONVERSION = YES;
				GCC_WARN_ABOUT_RETURN_TYPE = YES_ERROR;
				GCC_WARN_UNDECLARED_SELECTOR = YES;
				GCC_WARN_UNINITIALIZED_AUTOS = YES_AGGRESSIVE;
				GCC_WARN_UNUSED_FUNCTION = YES;
				GCC_WARN_UNUSED_VARIABLE = YES;
				IPHONEOS_DEPLOYMENT_TARGET = 12.1;
				MTL_ENABLE_DEBUG_INFO = INCLUDE_SOURCE;
				MTL_FAST_MATH = YES;
				ONLY_ACTIVE_ARCH = YES;
				SDKROOT = iphoneos;
				SWIFT_ACTIVE_COMPILATION_CONDITIONS = DEBUG;
				SWIFT_OPTIMIZATION_LEVEL = "-Onone";
			};
			name = Debug;
		};
		A267D7B5222DD7B800153CB8 /* Release */ = {
			isa = XCBuildConfiguration;
			buildSettings = {
				ALWAYS_SEARCH_USER_PATHS = NO;
				CLANG_ANALYZER_NONNULL = YES;
				CLANG_ANALYZER_NUMBER_OBJECT_CONVERSION = YES_AGGRESSIVE;
				CLANG_CXX_LANGUAGE_STANDARD = "gnu++14";
				CLANG_CXX_LIBRARY = "libc++";
				CLANG_ENABLE_MODULES = YES;
				CLANG_ENABLE_OBJC_ARC = YES;
				CLANG_ENABLE_OBJC_WEAK = YES;
				CLANG_WARN_BLOCK_CAPTURE_AUTORELEASING = YES;
				CLANG_WARN_BOOL_CONVERSION = YES;
				CLANG_WARN_COMMA = YES;
				CLANG_WARN_CONSTANT_CONVERSION = YES;
				CLANG_WARN_DEPRECATED_OBJC_IMPLEMENTATIONS = YES;
				CLANG_WARN_DIRECT_OBJC_ISA_USAGE = YES_ERROR;
				CLANG_WARN_DOCUMENTATION_COMMENTS = YES;
				CLANG_WARN_EMPTY_BODY = YES;
				CLANG_WARN_ENUM_CONVERSION = YES;
				CLANG_WARN_INFINITE_RECURSION = YES;
				CLANG_WARN_INT_CONVERSION = YES;
				CLANG_WARN_NON_LITERAL_NULL_CONVERSION = YES;
				CLANG_WARN_OBJC_IMPLICIT_RETAIN_SELF = YES;
				CLANG_WARN_OBJC_LITERAL_CONVERSION = YES;
				CLANG_WARN_OBJC_ROOT_CLASS = YES_ERROR;
				CLANG_WARN_RANGE_LOOP_ANALYSIS = YES;
				CLANG_WARN_STRICT_PROTOTYPES = YES;
				CLANG_WARN_SUSPICIOUS_MOVE = YES;
				CLANG_WARN_UNGUARDED_AVAILABILITY = YES_AGGRESSIVE;
				CLANG_WARN_UNREACHABLE_CODE = YES;
				CLANG_WARN__DUPLICATE_METHOD_MATCH = YES;
				CODE_SIGN_IDENTITY = "iPhone Developer";
				COPY_PHASE_STRIP = NO;
				DEBUG_INFORMATION_FORMAT = "dwarf-with-dsym";
				ENABLE_NS_ASSERTIONS = NO;
				ENABLE_STRICT_OBJC_MSGSEND = YES;
				GCC_C_LANGUAGE_STANDARD = gnu11;
				GCC_NO_COMMON_BLOCKS = YES;
				GCC_WARN_64_TO_32_BIT_CONVERSION = YES;
				GCC_WARN_ABOUT_RETURN_TYPE = YES_ERROR;
				GCC_WARN_UNDECLARED_SELECTOR = YES;
				GCC_WARN_UNINITIALIZED_AUTOS = YES_AGGRESSIVE;
				GCC_WARN_UNUSED_FUNCTION = YES;
				GCC_WARN_UNUSED_VARIABLE = YES;
				IPHONEOS_DEPLOYMENT_TARGET = 12.1;
				MTL_ENABLE_DEBUG_INFO = NO;
				MTL_FAST_MATH = YES;
				SDKROOT = iphoneos;
				SWIFT_COMPILATION_MODE = wholemodule;
				SWIFT_OPTIMIZATION_LEVEL = "-O";
				VALIDATE_PRODUCT = YES;
			};
			name = Release;
		};
		A267D7B7222DD7B800153CB8 /* Debug */ = {
			isa = XCBuildConfiguration;
			baseConfigurationReference = 99F5F9623ABDCCFE767D9EBE /* Pods-ShinShin.debug.xcconfig */;
			buildSettings = {
				ASSETCATALOG_COMPILER_APPICON_NAME = AppIcon;
				CODE_SIGN_ENTITLEMENTS = ShinShin/ShinShin.entitlements;
				CODE_SIGN_IDENTITY = "iPhone Developer";
				CODE_SIGN_STYLE = Automatic;
				DEVELOPMENT_TEAM = 754J7T6W73;
				INFOPLIST_FILE = ShinShin/Info.plist;
				LD_RUNPATH_SEARCH_PATHS = (
					"$(inherited)",
					"@executable_path/Frameworks",
				);
				PRODUCT_BUNDLE_IDENTIFIER = com.bit.ShinShin;
				PRODUCT_NAME = "$(TARGET_NAME)";
				PROVISIONING_PROFILE_SPECIFIER = "";
				SWIFT_VERSION = 5.0;
				TARGETED_DEVICE_FAMILY = "1,2";
			};
			name = Debug;
		};
		A267D7B8222DD7B800153CB8 /* Release */ = {
			isa = XCBuildConfiguration;
			baseConfigurationReference = BC0561385F24CF95853B7D3C /* Pods-ShinShin.release.xcconfig */;
			buildSettings = {
				ASSETCATALOG_COMPILER_APPICON_NAME = AppIcon;
				CODE_SIGN_ENTITLEMENTS = ShinShin/ShinShin.entitlements;
				CODE_SIGN_IDENTITY = "iPhone Developer";
				CODE_SIGN_STYLE = Automatic;
				DEVELOPMENT_TEAM = 754J7T6W73;
				INFOPLIST_FILE = ShinShin/Info.plist;
				LD_RUNPATH_SEARCH_PATHS = (
					"$(inherited)",
					"@executable_path/Frameworks",
				);
				PRODUCT_BUNDLE_IDENTIFIER = com.bit.ShinShin;
				PRODUCT_NAME = "$(TARGET_NAME)";
				PROVISIONING_PROFILE_SPECIFIER = "";
				SWIFT_VERSION = 5.0;
				TARGETED_DEVICE_FAMILY = "1,2";
			};
			name = Release;
		};
		A267D7BA222DD7B800153CB8 /* Debug */ = {
			isa = XCBuildConfiguration;
			baseConfigurationReference = 576DA65E3233183B0B23AAEA /* Pods-ShinShinTests.debug.xcconfig */;
			buildSettings = {
				ALWAYS_EMBED_SWIFT_STANDARD_LIBRARIES = YES;
				BUNDLE_LOADER = "$(TEST_HOST)";
				CODE_SIGN_STYLE = Automatic;
				INFOPLIST_FILE = ShinShinTests/Info.plist;
				LD_RUNPATH_SEARCH_PATHS = (
					"$(inherited)",
					"@executable_path/Frameworks",
					"@loader_path/Frameworks",
				);
				PRODUCT_BUNDLE_IDENTIFIER = com.bit.ShinShinTests;
				PRODUCT_NAME = "$(TARGET_NAME)";
				SWIFT_VERSION = 5.0;
				TARGETED_DEVICE_FAMILY = "1,2";
				TEST_HOST = "$(BUILT_PRODUCTS_DIR)/ShinShin.app/ShinShin";
			};
			name = Debug;
		};
		A267D7BB222DD7B800153CB8 /* Release */ = {
			isa = XCBuildConfiguration;
			baseConfigurationReference = C5F085A37EA6DA237FBFD7B9 /* Pods-ShinShinTests.release.xcconfig */;
			buildSettings = {
				ALWAYS_EMBED_SWIFT_STANDARD_LIBRARIES = YES;
				BUNDLE_LOADER = "$(TEST_HOST)";
				CODE_SIGN_STYLE = Automatic;
				INFOPLIST_FILE = ShinShinTests/Info.plist;
				LD_RUNPATH_SEARCH_PATHS = (
					"$(inherited)",
					"@executable_path/Frameworks",
					"@loader_path/Frameworks",
				);
				PRODUCT_BUNDLE_IDENTIFIER = com.bit.ShinShinTests;
				PRODUCT_NAME = "$(TARGET_NAME)";
				SWIFT_VERSION = 5.0;
				TARGETED_DEVICE_FAMILY = "1,2";
				TEST_HOST = "$(BUILT_PRODUCTS_DIR)/ShinShin.app/ShinShin";
			};
			name = Release;
		};
		A267D7BD222DD7B800153CB8 /* Debug */ = {
			isa = XCBuildConfiguration;
			baseConfigurationReference = F9C34F90E15A17310FAB1E0F /* Pods-ShinShinUITests.debug.xcconfig */;
			buildSettings = {
				ALWAYS_EMBED_SWIFT_STANDARD_LIBRARIES = YES;
				CODE_SIGN_STYLE = Automatic;
				INFOPLIST_FILE = ShinShinUITests/Info.plist;
				LD_RUNPATH_SEARCH_PATHS = (
					"$(inherited)",
					"@executable_path/Frameworks",
					"@loader_path/Frameworks",
				);
				PRODUCT_BUNDLE_IDENTIFIER = com.bit.ShinShinUITests;
				PRODUCT_NAME = "$(TARGET_NAME)";
				SWIFT_VERSION = 5.0;
				TARGETED_DEVICE_FAMILY = "1,2";
				TEST_TARGET_NAME = ShinShin;
			};
			name = Debug;
		};
		A267D7BE222DD7B800153CB8 /* Release */ = {
			isa = XCBuildConfiguration;
			baseConfigurationReference = 37374FB6E3C716FF0540A83B /* Pods-ShinShinUITests.release.xcconfig */;
			buildSettings = {
				ALWAYS_EMBED_SWIFT_STANDARD_LIBRARIES = YES;
				CODE_SIGN_STYLE = Automatic;
				INFOPLIST_FILE = ShinShinUITests/Info.plist;
				LD_RUNPATH_SEARCH_PATHS = (
					"$(inherited)",
					"@executable_path/Frameworks",
					"@loader_path/Frameworks",
				);
				PRODUCT_BUNDLE_IDENTIFIER = com.bit.ShinShinUITests;
				PRODUCT_NAME = "$(TARGET_NAME)";
				SWIFT_VERSION = 5.0;
				TARGETED_DEVICE_FAMILY = "1,2";
				TEST_TARGET_NAME = ShinShin;
			};
			name = Release;
		};
/* End XCBuildConfiguration section */

/* Begin XCConfigurationList section */
		A267D786222DD7AE00153CB8 /* Build configuration list for PBXProject "ShinShin" */ = {
			isa = XCConfigurationList;
			buildConfigurations = (
				A267D7B4222DD7B800153CB8 /* Debug */,
				A267D7B5222DD7B800153CB8 /* Release */,
			);
			defaultConfigurationIsVisible = 0;
			defaultConfigurationName = Release;
		};
		A267D7B6222DD7B800153CB8 /* Build configuration list for PBXNativeTarget "ShinShin" */ = {
			isa = XCConfigurationList;
			buildConfigurations = (
				A267D7B7222DD7B800153CB8 /* Debug */,
				A267D7B8222DD7B800153CB8 /* Release */,
			);
			defaultConfigurationIsVisible = 0;
			defaultConfigurationName = Release;
		};
		A267D7B9222DD7B800153CB8 /* Build configuration list for PBXNativeTarget "ShinShinTests" */ = {
			isa = XCConfigurationList;
			buildConfigurations = (
				A267D7BA222DD7B800153CB8 /* Debug */,
				A267D7BB222DD7B800153CB8 /* Release */,
			);
			defaultConfigurationIsVisible = 0;
			defaultConfigurationName = Release;
		};
		A267D7BC222DD7B800153CB8 /* Build configuration list for PBXNativeTarget "ShinShinUITests" */ = {
			isa = XCConfigurationList;
			buildConfigurations = (
				A267D7BD222DD7B800153CB8 /* Debug */,
				A267D7BE222DD7B800153CB8 /* Release */,
			);
			defaultConfigurationIsVisible = 0;
			defaultConfigurationName = Release;
		};
/* End XCConfigurationList section */

/* Begin XCVersionGroup section */
		A267D795222DD7AF00153CB8 /* ShinShin.xcdatamodeld */ = {
			isa = XCVersionGroup;
			children = (
				A267D796222DD7AF00153CB8 /* ShinShin.xcdatamodel */,
			);
			currentVersion = A267D796222DD7AF00153CB8 /* ShinShin.xcdatamodel */;
			path = ShinShin.xcdatamodeld;
			sourceTree = "<group>";
			versionGroupType = wrapper.xcdatamodel;
		};
/* End XCVersionGroup section */
	};
	rootObject = A267D783222DD7AE00153CB8 /* Project object */;
}
